
Microsoft Visual Studio Solution File, Format Version 12.00
# Visual Studio Version 17
VisualStudioVersion = 17.0.31903.59
MinimumVisualStudioVersion = 10.0.40219.1
Project("{FAE04EC0-301F-11D3-BF4B-00C04F79EFBC}") = "PMICAutogenAddIn", "PMIC\PMICAutogenAddIn\PMICAutogenAddIn.csproj", "{4D7617F4-6B73-4CA0-9480-6847AD9B8B38}"
EndProject
Project("{930C7802-8A8C-48F9-8165-68863BCCD9DD}") = "WixSetupProject", "PMIC\WixSetupProject\WixSetupProject.wixproj", "{F4104095-E0BF-4E6D-9536-922F36269FCD}"
EndProject
Project("{FAE04EC0-301F-11D3-BF4B-00C04F79EFBC}") = "PmicAutogen.Test", "PMIC\PmicAutogen.Test\PmicAutogen.Test.csproj", "{E7B1018B-959C-4351-A49D-B01D7DADF630}"
EndProject
Project("{2150E333-8FDC-42A3-9474-1A3956D46DE8}") = "OtherTool", "OtherTool", "{42013589-9EB7-4538-AEF5-FBFA6F64317E}"
EndProject
Project("{FAE04EC0-301F-11D3-BF4B-00C04F79EFBC}") = "AutoIgxl", "OtherTool\AutoIgxl\AutoIgxl.csproj", "{912715FF-C1FE-4F63-88C1-9D852CE13EE9}"
EndProject
Project("{FAE04EC0-301F-11D3-BF4B-00C04F79EFBC}") = "AutoIgxl.Test", "OtherTool\AutoIgxl.Test\AutoIgxl.Test.csproj", "{27B88C9B-D791-4705-9E74-BC86472A99B0}"
EndProject
Project("{FAE04EC0-301F-11D3-BF4B-00C04F79EFBC}") = "AutoProgram", "OtherTool\AutoProgram\AutoProgram.csproj", "{20DDDC11-035A-4AD5-BB79-C9110B4DF393}"
EndProject
Project("{FAE04EC0-301F-11D3-BF4B-00C04F79EFBC}") = "AutoTestSystem", "OtherTool\AutoTestSystem\AutoTestSystem.csproj", "{D225BEFE-B0AD-4830-88EA-11647EE5AECC}"
EndProject
Project("{FAE04EC0-301F-11D3-BF4B-00C04F79EFBC}") = "MyWpf", "Common\MyWpf\MyWpf.csproj", "{535ABA9C-2FF4-486D-B566-E9A0FF9428C7}"
EndProject
Project("{FAE04EC0-301F-11D3-BF4B-00C04F79EFBC}") = "ShmooLog", "OtherTool\ShmooLog\ShmooLog.csproj", "{61DF9DCE-0E29-4C39-B58C-7B4CA80510BE}"
EndProject
Project("{FAE04EC0-301F-11D3-BF4B-00C04F79EFBC}") = "ShmooLog.Test", "OtherTool\ShmooLog.Test\ShmooLog.Test.csproj", "{85B2A88B-6685-4C89-AF42-C9C81C1F0299}"
EndProject
Project("{2150E333-8FDC-42A3-9474-1A3956D46DE8}") = "PMIC", "PMIC", "{AF9B85AE-8473-4182-85DC-BBC6CB42F197}"
EndProject
Project("{2150E333-8FDC-42A3-9474-1A3956D46DE8}") = "Common", "Common", "{8D83C0E8-803E-4873-8B75-981EC341C32A}"
EndProject
Project("{FAE04EC0-301F-11D3-BF4B-00C04F79EFBC}") = "CommonLib", "Common\CommonLib\CommonLib.csproj", "{8EEAD19D-EAD8-4A6D-819C-AC47B59A08F1}"
EndProject
Project("{FAE04EC0-301F-11D3-BF4B-00C04F79EFBC}") = "IgxlData", "Common\IgxlData\IgxlData.csproj", "{E1557014-BB6D-41BC-92F6-877002282CA1}"
EndProject
Project("{FAE04EC0-301F-11D3-BF4B-00C04F79EFBC}") = "DebugPlanReaderLib", "Common\ReaderLib\DebugPlanReaderLib.csproj", "{B592B587-8748-461F-BD8F-67A782B8E0D5}"
EndProject
Project("{FAE04EC0-301F-11D3-BF4B-00C04F79EFBC}") = "AutoTestSystem.Test", "OtherTool\AutoTestSystem.Test\AutoTestSystem.Test.csproj", "{664255C7-6F4C-4066-A373-AE9D6C156126}"
EndProject
Project("{FAE04EC0-301F-11D3-BF4B-00C04F79EFBC}") = "DebugPlanChecker", "OtherTool\DebugPlanChecker\DebugPlanChecker.csproj", "{3DCDEDE9-F7D6-40D6-BC8B-1EE13BBFFDD3}"
EndProject
Project("{FAE04EC0-301F-11D3-BF4B-00C04F79EFBC}") = "CommonReaderLib", "Common\CommonReadLib\CommonReaderLib.csproj", "{99CD234B-F122-474E-93CE-794833C07565}"
EndProject
Project("{FAE04EC0-301F-11D3-BF4B-00C04F79EFBC}") = "PmicAutogen", "PMIC\PmicAutogen\PmicAutogen.csproj", "{D465F410-903D-41DD-81DE-59F731FDB19B}"
EndProject
Project("{FAE04EC0-301F-11D3-BF4B-00C04F79EFBC}") = "PatInfoCmdLib", "Common\PatInfoCmdLib\PatInfoCmdLib.csproj", "{E9E44D21-41E9-4BFA-B324-DCDFC184502C}"
EndProject
Project("{2150E333-8FDC-42A3-9474-1A3956D46DE8}") = "Solution Items", "Solution Items", "{78881E12-9BAC-4E4D-A368-46ED70F97D95}"
	ProjectSection(SolutionItems) = preProject
		.editorconfig = .editorconfig
	EndProjectSection
EndProject
Global
	GlobalSection(SolutionConfigurationPlatforms) = preSolution
		CD_ROM|Any CPU = CD_ROM|Any CPU
		CD_ROM|x86 = CD_ROM|x86
		Debug|Any CPU = Debug|Any CPU
		Debug|x86 = Debug|x86
		DVD-5|Any CPU = DVD-5|Any CPU
		DVD-5|x86 = DVD-5|x86
		Release|Any CPU = Release|Any CPU
		Release|x86 = Release|x86
		SingleImage|Any CPU = SingleImage|Any CPU
		SingleImage|x86 = SingleImage|x86
		WPFDebug|Any CPU = WPFDebug|Any CPU
		WPFDebug|x86 = WPFDebug|x86
		WPFRelease|Any CPU = WPFRelease|Any CPU
		WPFRelease|x86 = WPFRelease|x86
	EndGlobalSection
	GlobalSection(ProjectConfigurationPlatforms) = postSolution
		{4D7617F4-6B73-4CA0-9480-6847AD9B8B38}.CD_ROM|Any CPU.ActiveCfg = Release|Any CPU
		{4D7617F4-6B73-4CA0-9480-6847AD9B8B38}.CD_ROM|Any CPU.Build.0 = Release|Any CPU
		{4D7617F4-6B73-4CA0-9480-6847AD9B8B38}.CD_ROM|x86.ActiveCfg = Debug|Any CPU
		{4D7617F4-6B73-4CA0-9480-6847AD9B8B38}.CD_ROM|x86.Build.0 = Debug|Any CPU
		{4D7617F4-6B73-4CA0-9480-6847AD9B8B38}.Debug|Any CPU.ActiveCfg = Debug|Any CPU
		{4D7617F4-6B73-4CA0-9480-6847AD9B8B38}.Debug|Any CPU.Build.0 = Debug|Any CPU
		{4D7617F4-6B73-4CA0-9480-6847AD9B8B38}.Debug|x86.ActiveCfg = Debug|Any CPU
		{4D7617F4-6B73-4CA0-9480-6847AD9B8B38}.Debug|x86.Build.0 = Debug|Any CPU
		{4D7617F4-6B73-4CA0-9480-6847AD9B8B38}.DVD-5|Any CPU.ActiveCfg = Debug|Any CPU
		{4D7617F4-6B73-4CA0-9480-6847AD9B8B38}.DVD-5|Any CPU.Build.0 = Debug|Any CPU
		{4D7617F4-6B73-4CA0-9480-6847AD9B8B38}.DVD-5|x86.ActiveCfg = Debug|Any CPU
		{4D7617F4-6B73-4CA0-9480-6847AD9B8B38}.DVD-5|x86.Build.0 = Debug|Any CPU
		{4D7617F4-6B73-4CA0-9480-6847AD9B8B38}.Release|Any CPU.ActiveCfg = Release|Any CPU
		{4D7617F4-6B73-4CA0-9480-6847AD9B8B38}.Release|Any CPU.Build.0 = Release|Any CPU
		{4D7617F4-6B73-4CA0-9480-6847AD9B8B38}.Release|x86.ActiveCfg = Release|Any CPU
		{4D7617F4-6B73-4CA0-9480-6847AD9B8B38}.Release|x86.Build.0 = Release|Any CPU
		{4D7617F4-6B73-4CA0-9480-6847AD9B8B38}.SingleImage|Any CPU.ActiveCfg = Release|Any CPU
		{4D7617F4-6B73-4CA0-9480-6847AD9B8B38}.SingleImage|Any CPU.Build.0 = Release|Any CPU
		{4D7617F4-6B73-4CA0-9480-6847AD9B8B38}.SingleImage|x86.ActiveCfg = Debug|Any CPU
		{4D7617F4-6B73-4CA0-9480-6847AD9B8B38}.SingleImage|x86.Build.0 = Debug|Any CPU
		{4D7617F4-6B73-4CA0-9480-6847AD9B8B38}.WPFDebug|Any CPU.ActiveCfg = Debug|Any CPU
		{4D7617F4-6B73-4CA0-9480-6847AD9B8B38}.WPFDebug|Any CPU.Build.0 = Debug|Any CPU
		{4D7617F4-6B73-4CA0-9480-6847AD9B8B38}.WPFDebug|x86.ActiveCfg = Debug|Any CPU
		{4D7617F4-6B73-4CA0-9480-6847AD9B8B38}.WPFDebug|x86.Build.0 = Debug|Any CPU
		{4D7617F4-6B73-4CA0-9480-6847AD9B8B38}.WPFRelease|Any CPU.ActiveCfg = Release|Any CPU
		{4D7617F4-6B73-4CA0-9480-6847AD9B8B38}.WPFRelease|Any CPU.Build.0 = Release|Any CPU
		{4D7617F4-6B73-4CA0-9480-6847AD9B8B38}.WPFRelease|x86.ActiveCfg = Release|Any CPU
		{4D7617F4-6B73-4CA0-9480-6847AD9B8B38}.WPFRelease|x86.Build.0 = Release|Any CPU
		{F4104095-E0BF-4E6D-9536-922F36269FCD}.CD_ROM|Any CPU.ActiveCfg = Debug|x86
		{F4104095-E0BF-4E6D-9536-922F36269FCD}.CD_ROM|Any CPU.Build.0 = Debug|x86
		{F4104095-E0BF-4E6D-9536-922F36269FCD}.CD_ROM|x86.ActiveCfg = Debug|x86
		{F4104095-E0BF-4E6D-9536-922F36269FCD}.CD_ROM|x86.Build.0 = Debug|x86
		{F4104095-E0BF-4E6D-9536-922F36269FCD}.Debug|Any CPU.ActiveCfg = Debug|x86
		{F4104095-E0BF-4E6D-9536-922F36269FCD}.Debug|Any CPU.Build.0 = Debug|x86
		{F4104095-E0BF-4E6D-9536-922F36269FCD}.Debug|x86.ActiveCfg = Debug|x86
		{F4104095-E0BF-4E6D-9536-922F36269FCD}.Debug|x86.Build.0 = Debug|x86
		{F4104095-E0BF-4E6D-9536-922F36269FCD}.DVD-5|Any CPU.ActiveCfg = Debug|x86
		{F4104095-E0BF-4E6D-9536-922F36269FCD}.DVD-5|Any CPU.Build.0 = Debug|x86
		{F4104095-E0BF-4E6D-9536-922F36269FCD}.DVD-5|x86.ActiveCfg = Debug|x86
		{F4104095-E0BF-4E6D-9536-922F36269FCD}.DVD-5|x86.Build.0 = Debug|x86
		{F4104095-E0BF-4E6D-9536-922F36269FCD}.Release|Any CPU.ActiveCfg = Release|x86
		{F4104095-E0BF-4E6D-9536-922F36269FCD}.Release|x86.ActiveCfg = Release|x86
		{F4104095-E0BF-4E6D-9536-922F36269FCD}.Release|x86.Build.0 = Release|x86
		{F4104095-E0BF-4E6D-9536-922F36269FCD}.SingleImage|Any CPU.ActiveCfg = Debug|x86
		{F4104095-E0BF-4E6D-9536-922F36269FCD}.SingleImage|Any CPU.Build.0 = Debug|x86
		{F4104095-E0BF-4E6D-9536-922F36269FCD}.SingleImage|x86.ActiveCfg = Debug|x86
		{F4104095-E0BF-4E6D-9536-922F36269FCD}.SingleImage|x86.Build.0 = Debug|x86
		{F4104095-E0BF-4E6D-9536-922F36269FCD}.WPFDebug|Any CPU.ActiveCfg = Release|x86
		{F4104095-E0BF-4E6D-9536-922F36269FCD}.WPFDebug|Any CPU.Build.0 = Release|x86
		{F4104095-E0BF-4E6D-9536-922F36269FCD}.WPFDebug|x86.ActiveCfg = Debug|x86
		{F4104095-E0BF-4E6D-9536-922F36269FCD}.WPFDebug|x86.Build.0 = Debug|x86
		{F4104095-E0BF-4E6D-9536-922F36269FCD}.WPFRelease|Any CPU.ActiveCfg = Release|x86
		{F4104095-E0BF-4E6D-9536-922F36269FCD}.WPFRelease|Any CPU.Build.0 = Release|x86
		{F4104095-E0BF-4E6D-9536-922F36269FCD}.WPFRelease|x86.ActiveCfg = Release|x86
		{F4104095-E0BF-4E6D-9536-922F36269FCD}.WPFRelease|x86.Build.0 = Release|x86
		{E7B1018B-959C-4351-A49D-B01D7DADF630}.CD_ROM|Any CPU.ActiveCfg = Release|Any CPU
		{E7B1018B-959C-4351-A49D-B01D7DADF630}.CD_ROM|Any CPU.Build.0 = Release|Any CPU
		{E7B1018B-959C-4351-A49D-B01D7DADF630}.CD_ROM|x86.ActiveCfg = Release|Any CPU
		{E7B1018B-959C-4351-A49D-B01D7DADF630}.CD_ROM|x86.Build.0 = Release|Any CPU
		{E7B1018B-959C-4351-A49D-B01D7DADF630}.Debug|Any CPU.ActiveCfg = Debug|Any CPU
		{E7B1018B-959C-4351-A49D-B01D7DADF630}.Debug|Any CPU.Build.0 = Debug|Any CPU
		{E7B1018B-959C-4351-A49D-B01D7DADF630}.Debug|x86.ActiveCfg = Debug|Any CPU
		{E7B1018B-959C-4351-A49D-B01D7DADF630}.Debug|x86.Build.0 = Debug|Any CPU
		{E7B1018B-959C-4351-A49D-B01D7DADF630}.DVD-5|Any CPU.ActiveCfg = Debug|Any CPU
		{E7B1018B-959C-4351-A49D-B01D7DADF630}.DVD-5|Any CPU.Build.0 = Debug|Any CPU
		{E7B1018B-959C-4351-A49D-B01D7DADF630}.DVD-5|x86.ActiveCfg = Debug|Any CPU
		{E7B1018B-959C-4351-A49D-B01D7DADF630}.DVD-5|x86.Build.0 = Debug|Any CPU
		{E7B1018B-959C-4351-A49D-B01D7DADF630}.Release|Any CPU.ActiveCfg = Release|Any CPU
		{E7B1018B-959C-4351-A49D-B01D7DADF630}.Release|Any CPU.Build.0 = Release|Any CPU
		{E7B1018B-959C-4351-A49D-B01D7DADF630}.Release|x86.ActiveCfg = Release|Any CPU
		{E7B1018B-959C-4351-A49D-B01D7DADF630}.Release|x86.Build.0 = Release|Any CPU
		{E7B1018B-959C-4351-A49D-B01D7DADF630}.SingleImage|Any CPU.ActiveCfg = Release|Any CPU
		{E7B1018B-959C-4351-A49D-B01D7DADF630}.SingleImage|Any CPU.Build.0 = Release|Any CPU
		{E7B1018B-959C-4351-A49D-B01D7DADF630}.SingleImage|x86.ActiveCfg = Release|Any CPU
		{E7B1018B-959C-4351-A49D-B01D7DADF630}.SingleImage|x86.Build.0 = Release|Any CPU
		{E7B1018B-959C-4351-A49D-B01D7DADF630}.WPFDebug|Any CPU.ActiveCfg = Debug|Any CPU
		{E7B1018B-959C-4351-A49D-B01D7DADF630}.WPFDebug|Any CPU.Build.0 = Debug|Any CPU
		{E7B1018B-959C-4351-A49D-B01D7DADF630}.WPFDebug|x86.ActiveCfg = Debug|Any CPU
		{E7B1018B-959C-4351-A49D-B01D7DADF630}.WPFDebug|x86.Build.0 = Debug|Any CPU
		{E7B1018B-959C-4351-A49D-B01D7DADF630}.WPFRelease|Any CPU.ActiveCfg = Release|Any CPU
		{E7B1018B-959C-4351-A49D-B01D7DADF630}.WPFRelease|Any CPU.Build.0 = Release|Any CPU
		{E7B1018B-959C-4351-A49D-B01D7DADF630}.WPFRelease|x86.ActiveCfg = Release|Any CPU
		{E7B1018B-959C-4351-A49D-B01D7DADF630}.WPFRelease|x86.Build.0 = Release|Any CPU
		{912715FF-C1FE-4F63-88C1-9D852CE13EE9}.CD_ROM|Any CPU.ActiveCfg = Debug|Any CPU
		{912715FF-C1FE-4F63-88C1-9D852CE13EE9}.CD_ROM|Any CPU.Build.0 = Debug|Any CPU
		{912715FF-C1FE-4F63-88C1-9D852CE13EE9}.CD_ROM|x86.ActiveCfg = Debug|Any CPU
		{912715FF-C1FE-4F63-88C1-9D852CE13EE9}.CD_ROM|x86.Build.0 = Debug|Any CPU
		{912715FF-C1FE-4F63-88C1-9D852CE13EE9}.Debug|Any CPU.ActiveCfg = Debug|Any CPU
		{912715FF-C1FE-4F63-88C1-9D852CE13EE9}.Debug|Any CPU.Build.0 = Debug|Any CPU
		{912715FF-C1FE-4F63-88C1-9D852CE13EE9}.Debug|x86.ActiveCfg = Debug|Any CPU
		{912715FF-C1FE-4F63-88C1-9D852CE13EE9}.Debug|x86.Build.0 = Debug|Any CPU
		{912715FF-C1FE-4F63-88C1-9D852CE13EE9}.DVD-5|Any CPU.ActiveCfg = Debug|Any CPU
		{912715FF-C1FE-4F63-88C1-9D852CE13EE9}.DVD-5|Any CPU.Build.0 = Debug|Any CPU
		{912715FF-C1FE-4F63-88C1-9D852CE13EE9}.DVD-5|x86.ActiveCfg = Debug|Any CPU
		{912715FF-C1FE-4F63-88C1-9D852CE13EE9}.DVD-5|x86.Build.0 = Debug|Any CPU
		{912715FF-C1FE-4F63-88C1-9D852CE13EE9}.Release|Any CPU.ActiveCfg = Release|Any CPU
		{912715FF-C1FE-4F63-88C1-9D852CE13EE9}.Release|Any CPU.Build.0 = Release|Any CPU
		{912715FF-C1FE-4F63-88C1-9D852CE13EE9}.Release|x86.ActiveCfg = Release|Any CPU
		{912715FF-C1FE-4F63-88C1-9D852CE13EE9}.Release|x86.Build.0 = Release|Any CPU
		{912715FF-C1FE-4F63-88C1-9D852CE13EE9}.SingleImage|Any CPU.ActiveCfg = Debug|Any CPU
		{912715FF-C1FE-4F63-88C1-9D852CE13EE9}.SingleImage|Any CPU.Build.0 = Debug|Any CPU
		{912715FF-C1FE-4F63-88C1-9D852CE13EE9}.SingleImage|x86.ActiveCfg = Debug|Any CPU
		{912715FF-C1FE-4F63-88C1-9D852CE13EE9}.SingleImage|x86.Build.0 = Debug|Any CPU
		{912715FF-C1FE-4F63-88C1-9D852CE13EE9}.WPFDebug|Any CPU.ActiveCfg = Debug|Any CPU
		{912715FF-C1FE-4F63-88C1-9D852CE13EE9}.WPFDebug|Any CPU.Build.0 = Debug|Any CPU
		{912715FF-C1FE-4F63-88C1-9D852CE13EE9}.WPFDebug|x86.ActiveCfg = Debug|Any CPU
		{912715FF-C1FE-4F63-88C1-9D852CE13EE9}.WPFDebug|x86.Build.0 = Debug|Any CPU
		{912715FF-C1FE-4F63-88C1-9D852CE13EE9}.WPFRelease|Any CPU.ActiveCfg = Release|Any CPU
		{912715FF-C1FE-4F63-88C1-9D852CE13EE9}.WPFRelease|Any CPU.Build.0 = Release|Any CPU
		{912715FF-C1FE-4F63-88C1-9D852CE13EE9}.WPFRelease|x86.ActiveCfg = Release|Any CPU
		{912715FF-C1FE-4F63-88C1-9D852CE13EE9}.WPFRelease|x86.Build.0 = Release|Any CPU
		{27B88C9B-D791-4705-9E74-BC86472A99B0}.CD_ROM|Any CPU.ActiveCfg = Debug|Any CPU
		{27B88C9B-D791-4705-9E74-BC86472A99B0}.CD_ROM|Any CPU.Build.0 = Debug|Any CPU
		{27B88C9B-D791-4705-9E74-BC86472A99B0}.CD_ROM|x86.ActiveCfg = Debug|Any CPU
		{27B88C9B-D791-4705-9E74-BC86472A99B0}.CD_ROM|x86.Build.0 = Debug|Any CPU
		{27B88C9B-D791-4705-9E74-BC86472A99B0}.Debug|Any CPU.ActiveCfg = Debug|Any CPU
		{27B88C9B-D791-4705-9E74-BC86472A99B0}.Debug|Any CPU.Build.0 = Debug|Any CPU
		{27B88C9B-D791-4705-9E74-BC86472A99B0}.Debug|x86.ActiveCfg = Debug|Any CPU
		{27B88C9B-D791-4705-9E74-BC86472A99B0}.Debug|x86.Build.0 = Debug|Any CPU
		{27B88C9B-D791-4705-9E74-BC86472A99B0}.DVD-5|Any CPU.ActiveCfg = Debug|Any CPU
		{27B88C9B-D791-4705-9E74-BC86472A99B0}.DVD-5|Any CPU.Build.0 = Debug|Any CPU
		{27B88C9B-D791-4705-9E74-BC86472A99B0}.DVD-5|x86.ActiveCfg = Debug|Any CPU
		{27B88C9B-D791-4705-9E74-BC86472A99B0}.DVD-5|x86.Build.0 = Debug|Any CPU
		{27B88C9B-D791-4705-9E74-BC86472A99B0}.Release|Any CPU.ActiveCfg = Release|Any CPU
		{27B88C9B-D791-4705-9E74-BC86472A99B0}.Release|Any CPU.Build.0 = Release|Any CPU
		{27B88C9B-D791-4705-9E74-BC86472A99B0}.Release|x86.ActiveCfg = Release|Any CPU
		{27B88C9B-D791-4705-9E74-BC86472A99B0}.Release|x86.Build.0 = Release|Any CPU
		{27B88C9B-D791-4705-9E74-BC86472A99B0}.SingleImage|Any CPU.ActiveCfg = Debug|Any CPU
		{27B88C9B-D791-4705-9E74-BC86472A99B0}.SingleImage|Any CPU.Build.0 = Debug|Any CPU
		{27B88C9B-D791-4705-9E74-BC86472A99B0}.SingleImage|x86.ActiveCfg = Debug|Any CPU
		{27B88C9B-D791-4705-9E74-BC86472A99B0}.SingleImage|x86.Build.0 = Debug|Any CPU
		{27B88C9B-D791-4705-9E74-BC86472A99B0}.WPFDebug|Any CPU.ActiveCfg = Debug|Any CPU
		{27B88C9B-D791-4705-9E74-BC86472A99B0}.WPFDebug|Any CPU.Build.0 = Debug|Any CPU
		{27B88C9B-D791-4705-9E74-BC86472A99B0}.WPFDebug|x86.ActiveCfg = Debug|Any CPU
		{27B88C9B-D791-4705-9E74-BC86472A99B0}.WPFDebug|x86.Build.0 = Debug|Any CPU
		{27B88C9B-D791-4705-9E74-BC86472A99B0}.WPFRelease|Any CPU.ActiveCfg = Release|Any CPU
		{27B88C9B-D791-4705-9E74-BC86472A99B0}.WPFRelease|Any CPU.Build.0 = Release|Any CPU
		{27B88C9B-D791-4705-9E74-BC86472A99B0}.WPFRelease|x86.ActiveCfg = Release|Any CPU
		{27B88C9B-D791-4705-9E74-BC86472A99B0}.WPFRelease|x86.Build.0 = Release|Any CPU
		{20DDDC11-035A-4AD5-BB79-C9110B4DF393}.CD_ROM|Any CPU.ActiveCfg = Debug|Any CPU
		{20DDDC11-035A-4AD5-BB79-C9110B4DF393}.CD_ROM|Any CPU.Build.0 = Debug|Any CPU
		{20DDDC11-035A-4AD5-BB79-C9110B4DF393}.CD_ROM|x86.ActiveCfg = Debug|Any CPU
		{20DDDC11-035A-4AD5-BB79-C9110B4DF393}.CD_ROM|x86.Build.0 = Debug|Any CPU
		{20DDDC11-035A-4AD5-BB79-C9110B4DF393}.Debug|Any CPU.ActiveCfg = Debug|Any CPU
		{20DDDC11-035A-4AD5-BB79-C9110B4DF393}.Debug|Any CPU.Build.0 = Debug|Any CPU
		{20DDDC11-035A-4AD5-BB79-C9110B4DF393}.Debug|x86.ActiveCfg = Debug|Any CPU
		{20DDDC11-035A-4AD5-BB79-C9110B4DF393}.Debug|x86.Build.0 = Debug|Any CPU
		{20DDDC11-035A-4AD5-BB79-C9110B4DF393}.DVD-5|Any CPU.ActiveCfg = Debug|Any CPU
		{20DDDC11-035A-4AD5-BB79-C9110B4DF393}.DVD-5|Any CPU.Build.0 = Debug|Any CPU
		{20DDDC11-035A-4AD5-BB79-C9110B4DF393}.DVD-5|x86.ActiveCfg = Debug|Any CPU
		{20DDDC11-035A-4AD5-BB79-C9110B4DF393}.DVD-5|x86.Build.0 = Debug|Any CPU
		{20DDDC11-035A-4AD5-BB79-C9110B4DF393}.Release|Any CPU.ActiveCfg = Release|Any CPU
		{20DDDC11-035A-4AD5-BB79-C9110B4DF393}.Release|Any CPU.Build.0 = Release|Any CPU
		{20DDDC11-035A-4AD5-BB79-C9110B4DF393}.Release|x86.ActiveCfg = Release|Any CPU
		{20DDDC11-035A-4AD5-BB79-C9110B4DF393}.Release|x86.Build.0 = Release|Any CPU
		{20DDDC11-035A-4AD5-BB79-C9110B4DF393}.SingleImage|Any CPU.ActiveCfg = Debug|Any CPU
		{20DDDC11-035A-4AD5-BB79-C9110B4DF393}.SingleImage|Any CPU.Build.0 = Debug|Any CPU
		{20DDDC11-035A-4AD5-BB79-C9110B4DF393}.SingleImage|x86.ActiveCfg = Debug|Any CPU
		{20DDDC11-035A-4AD5-BB79-C9110B4DF393}.SingleImage|x86.Build.0 = Debug|Any CPU
		{20DDDC11-035A-4AD5-BB79-C9110B4DF393}.WPFDebug|Any CPU.ActiveCfg = Debug|Any CPU
		{20DDDC11-035A-4AD5-BB79-C9110B4DF393}.WPFDebug|Any CPU.Build.0 = Debug|Any CPU
		{20DDDC11-035A-4AD5-BB79-C9110B4DF393}.WPFDebug|x86.ActiveCfg = Debug|Any CPU
		{20DDDC11-035A-4AD5-BB79-C9110B4DF393}.WPFDebug|x86.Build.0 = Debug|Any CPU
		{20DDDC11-035A-4AD5-BB79-C9110B4DF393}.WPFRelease|Any CPU.ActiveCfg = Release|Any CPU
		{20DDDC11-035A-4AD5-BB79-C9110B4DF393}.WPFRelease|Any CPU.Build.0 = Release|Any CPU
		{20DDDC11-035A-4AD5-BB79-C9110B4DF393}.WPFRelease|x86.ActiveCfg = Release|Any CPU
		{20DDDC11-035A-4AD5-BB79-C9110B4DF393}.WPFRelease|x86.Build.0 = Release|Any CPU
		{D225BEFE-B0AD-4830-88EA-11647EE5AECC}.CD_ROM|Any CPU.ActiveCfg = Debug|Any CPU
		{D225BEFE-B0AD-4830-88EA-11647EE5AECC}.CD_ROM|Any CPU.Build.0 = Debug|Any CPU
		{D225BEFE-B0AD-4830-88EA-11647EE5AECC}.CD_ROM|x86.ActiveCfg = Debug|Any CPU
		{D225BEFE-B0AD-4830-88EA-11647EE5AECC}.CD_ROM|x86.Build.0 = Debug|Any CPU
		{D225BEFE-B0AD-4830-88EA-11647EE5AECC}.Debug|Any CPU.ActiveCfg = Debug|Any CPU
		{D225BEFE-B0AD-4830-88EA-11647EE5AECC}.Debug|Any CPU.Build.0 = Debug|Any CPU
		{D225BEFE-B0AD-4830-88EA-11647EE5AECC}.Debug|x86.ActiveCfg = Debug|Any CPU
		{D225BEFE-B0AD-4830-88EA-11647EE5AECC}.Debug|x86.Build.0 = Debug|Any CPU
		{D225BEFE-B0AD-4830-88EA-11647EE5AECC}.DVD-5|Any CPU.ActiveCfg = Debug|Any CPU
		{D225BEFE-B0AD-4830-88EA-11647EE5AECC}.DVD-5|Any CPU.Build.0 = Debug|Any CPU
		{D225BEFE-B0AD-4830-88EA-11647EE5AECC}.DVD-5|x86.ActiveCfg = Debug|Any CPU
		{D225BEFE-B0AD-4830-88EA-11647EE5AECC}.DVD-5|x86.Build.0 = Debug|Any CPU
		{D225BEFE-B0AD-4830-88EA-11647EE5AECC}.Release|Any CPU.ActiveCfg = Release|Any CPU
		{D225BEFE-B0AD-4830-88EA-11647EE5AECC}.Release|Any CPU.Build.0 = Release|Any CPU
		{D225BEFE-B0AD-4830-88EA-11647EE5AECC}.Release|x86.ActiveCfg = Release|Any CPU
		{D225BEFE-B0AD-4830-88EA-11647EE5AECC}.Release|x86.Build.0 = Release|Any CPU
		{D225BEFE-B0AD-4830-88EA-11647EE5AECC}.SingleImage|Any CPU.ActiveCfg = Debug|Any CPU
		{D225BEFE-B0AD-4830-88EA-11647EE5AECC}.SingleImage|Any CPU.Build.0 = Debug|Any CPU
		{D225BEFE-B0AD-4830-88EA-11647EE5AECC}.SingleImage|x86.ActiveCfg = Debug|Any CPU
		{D225BEFE-B0AD-4830-88EA-11647EE5AECC}.SingleImage|x86.Build.0 = Debug|Any CPU
		{D225BEFE-B0AD-4830-88EA-11647EE5AECC}.WPFDebug|Any CPU.ActiveCfg = Debug|Any CPU
		{D225BEFE-B0AD-4830-88EA-11647EE5AECC}.WPFDebug|Any CPU.Build.0 = Debug|Any CPU
		{D225BEFE-B0AD-4830-88EA-11647EE5AECC}.WPFDebug|x86.ActiveCfg = Debug|Any CPU
		{D225BEFE-B0AD-4830-88EA-11647EE5AECC}.WPFDebug|x86.Build.0 = Debug|Any CPU
		{D225BEFE-B0AD-4830-88EA-11647EE5AECC}.WPFRelease|Any CPU.ActiveCfg = Release|Any CPU
		{D225BEFE-B0AD-4830-88EA-11647EE5AECC}.WPFRelease|Any CPU.Build.0 = Release|Any CPU
		{D225BEFE-B0AD-4830-88EA-11647EE5AECC}.WPFRelease|x86.ActiveCfg = Release|Any CPU
		{D225BEFE-B0AD-4830-88EA-11647EE5AECC}.WPFRelease|x86.Build.0 = Release|Any CPU
		{535ABA9C-2FF4-486D-B566-E9A0FF9428C7}.CD_ROM|Any CPU.ActiveCfg = Debug|Any CPU
		{535ABA9C-2FF4-486D-B566-E9A0FF9428C7}.CD_ROM|Any CPU.Build.0 = Debug|Any CPU
		{535ABA9C-2FF4-486D-B566-E9A0FF9428C7}.CD_ROM|x86.ActiveCfg = Debug|Any CPU
		{535ABA9C-2FF4-486D-B566-E9A0FF9428C7}.CD_ROM|x86.Build.0 = Debug|Any CPU
		{535ABA9C-2FF4-486D-B566-E9A0FF9428C7}.Debug|Any CPU.ActiveCfg = Debug|Any CPU
		{535ABA9C-2FF4-486D-B566-E9A0FF9428C7}.Debug|Any CPU.Build.0 = Debug|Any CPU
		{535ABA9C-2FF4-486D-B566-E9A0FF9428C7}.Debug|x86.ActiveCfg = Debug|Any CPU
		{535ABA9C-2FF4-486D-B566-E9A0FF9428C7}.Debug|x86.Build.0 = Debug|Any CPU
		{535ABA9C-2FF4-486D-B566-E9A0FF9428C7}.DVD-5|Any CPU.ActiveCfg = Debug|Any CPU
		{535ABA9C-2FF4-486D-B566-E9A0FF9428C7}.DVD-5|Any CPU.Build.0 = Debug|Any CPU
		{535ABA9C-2FF4-486D-B566-E9A0FF9428C7}.DVD-5|x86.ActiveCfg = Debug|Any CPU
		{535ABA9C-2FF4-486D-B566-E9A0FF9428C7}.DVD-5|x86.Build.0 = Debug|Any CPU
		{535ABA9C-2FF4-486D-B566-E9A0FF9428C7}.Release|Any CPU.ActiveCfg = Release|Any CPU
		{535ABA9C-2FF4-486D-B566-E9A0FF9428C7}.Release|Any CPU.Build.0 = Release|Any CPU
		{535ABA9C-2FF4-486D-B566-E9A0FF9428C7}.Release|x86.ActiveCfg = Release|Any CPU
		{535ABA9C-2FF4-486D-B566-E9A0FF9428C7}.Release|x86.Build.0 = Release|Any CPU
		{535ABA9C-2FF4-486D-B566-E9A0FF9428C7}.SingleImage|Any CPU.ActiveCfg = Debug|Any CPU
		{535ABA9C-2FF4-486D-B566-E9A0FF9428C7}.SingleImage|Any CPU.Build.0 = Debug|Any CPU
		{535ABA9C-2FF4-486D-B566-E9A0FF9428C7}.SingleImage|x86.ActiveCfg = Debug|Any CPU
		{535ABA9C-2FF4-486D-B566-E9A0FF9428C7}.SingleImage|x86.Build.0 = Debug|Any CPU
		{535ABA9C-2FF4-486D-B566-E9A0FF9428C7}.WPFDebug|Any CPU.ActiveCfg = Debug|Any CPU
		{535ABA9C-2FF4-486D-B566-E9A0FF9428C7}.WPFDebug|Any CPU.Build.0 = Debug|Any CPU
		{535ABA9C-2FF4-486D-B566-E9A0FF9428C7}.WPFDebug|x86.ActiveCfg = Debug|Any CPU
		{535ABA9C-2FF4-486D-B566-E9A0FF9428C7}.WPFDebug|x86.Build.0 = Debug|Any CPU
		{535ABA9C-2FF4-486D-B566-E9A0FF9428C7}.WPFRelease|Any CPU.ActiveCfg = Release|Any CPU
		{535ABA9C-2FF4-486D-B566-E9A0FF9428C7}.WPFRelease|Any CPU.Build.0 = Release|Any CPU
		{535ABA9C-2FF4-486D-B566-E9A0FF9428C7}.WPFRelease|x86.ActiveCfg = Release|Any CPU
		{535ABA9C-2FF4-486D-B566-E9A0FF9428C7}.WPFRelease|x86.Build.0 = Release|Any CPU
		{61DF9DCE-0E29-4C39-B58C-7B4CA80510BE}.CD_ROM|Any CPU.ActiveCfg = Debug|Any CPU
		{61DF9DCE-0E29-4C39-B58C-7B4CA80510BE}.CD_ROM|Any CPU.Build.0 = Debug|Any CPU
		{61DF9DCE-0E29-4C39-B58C-7B4CA80510BE}.CD_ROM|x86.ActiveCfg = Debug|Any CPU
		{61DF9DCE-0E29-4C39-B58C-7B4CA80510BE}.CD_ROM|x86.Build.0 = Debug|Any CPU
		{61DF9DCE-0E29-4C39-B58C-7B4CA80510BE}.Debug|Any CPU.ActiveCfg = Debug|Any CPU
		{61DF9DCE-0E29-4C39-B58C-7B4CA80510BE}.Debug|Any CPU.Build.0 = Debug|Any CPU
		{61DF9DCE-0E29-4C39-B58C-7B4CA80510BE}.Debug|x86.ActiveCfg = Debug|Any CPU
		{61DF9DCE-0E29-4C39-B58C-7B4CA80510BE}.Debug|x86.Build.0 = Debug|Any CPU
		{61DF9DCE-0E29-4C39-B58C-7B4CA80510BE}.DVD-5|Any CPU.ActiveCfg = Debug|Any CPU
		{61DF9DCE-0E29-4C39-B58C-7B4CA80510BE}.DVD-5|Any CPU.Build.0 = Debug|Any CPU
		{61DF9DCE-0E29-4C39-B58C-7B4CA80510BE}.DVD-5|x86.ActiveCfg = Debug|Any CPU
		{61DF9DCE-0E29-4C39-B58C-7B4CA80510BE}.DVD-5|x86.Build.0 = Debug|Any CPU
		{61DF9DCE-0E29-4C39-B58C-7B4CA80510BE}.Release|Any CPU.ActiveCfg = Release|Any CPU
		{61DF9DCE-0E29-4C39-B58C-7B4CA80510BE}.Release|Any CPU.Build.0 = Release|Any CPU
		{61DF9DCE-0E29-4C39-B58C-7B4CA80510BE}.Release|x86.ActiveCfg = Release|Any CPU
		{61DF9DCE-0E29-4C39-B58C-7B4CA80510BE}.Release|x86.Build.0 = Release|Any CPU
		{61DF9DCE-0E29-4C39-B58C-7B4CA80510BE}.SingleImage|Any CPU.ActiveCfg = Debug|Any CPU
		{61DF9DCE-0E29-4C39-B58C-7B4CA80510BE}.SingleImage|Any CPU.Build.0 = Debug|Any CPU
		{61DF9DCE-0E29-4C39-B58C-7B4CA80510BE}.SingleImage|x86.ActiveCfg = Debug|Any CPU
		{61DF9DCE-0E29-4C39-B58C-7B4CA80510BE}.SingleImage|x86.Build.0 = Debug|Any CPU
		{61DF9DCE-0E29-4C39-B58C-7B4CA80510BE}.WPFDebug|Any CPU.ActiveCfg = Debug|Any CPU
		{61DF9DCE-0E29-4C39-B58C-7B4CA80510BE}.WPFDebug|Any CPU.Build.0 = Debug|Any CPU
		{61DF9DCE-0E29-4C39-B58C-7B4CA80510BE}.WPFDebug|x86.ActiveCfg = Debug|Any CPU
		{61DF9DCE-0E29-4C39-B58C-7B4CA80510BE}.WPFDebug|x86.Build.0 = Debug|Any CPU
		{61DF9DCE-0E29-4C39-B58C-7B4CA80510BE}.WPFRelease|Any CPU.ActiveCfg = Release|Any CPU
		{61DF9DCE-0E29-4C39-B58C-7B4CA80510BE}.WPFRelease|Any CPU.Build.0 = Release|Any CPU
		{61DF9DCE-0E29-4C39-B58C-7B4CA80510BE}.WPFRelease|x86.ActiveCfg = Release|Any CPU
		{61DF9DCE-0E29-4C39-B58C-7B4CA80510BE}.WPFRelease|x86.Build.0 = Release|Any CPU
		{85B2A88B-6685-4C89-AF42-C9C81C1F0299}.CD_ROM|Any CPU.ActiveCfg = Debug|Any CPU
		{85B2A88B-6685-4C89-AF42-C9C81C1F0299}.CD_ROM|Any CPU.Build.0 = Debug|Any CPU
		{85B2A88B-6685-4C89-AF42-C9C81C1F0299}.CD_ROM|x86.ActiveCfg = Debug|Any CPU
		{85B2A88B-6685-4C89-AF42-C9C81C1F0299}.CD_ROM|x86.Build.0 = Debug|Any CPU
		{85B2A88B-6685-4C89-AF42-C9C81C1F0299}.Debug|Any CPU.ActiveCfg = Debug|Any CPU
		{85B2A88B-6685-4C89-AF42-C9C81C1F0299}.Debug|Any CPU.Build.0 = Debug|Any CPU
		{85B2A88B-6685-4C89-AF42-C9C81C1F0299}.Debug|x86.ActiveCfg = Debug|Any CPU
		{85B2A88B-6685-4C89-AF42-C9C81C1F0299}.Debug|x86.Build.0 = Debug|Any CPU
		{85B2A88B-6685-4C89-AF42-C9C81C1F0299}.DVD-5|Any CPU.ActiveCfg = Debug|Any CPU
		{85B2A88B-6685-4C89-AF42-C9C81C1F0299}.DVD-5|Any CPU.Build.0 = Debug|Any CPU
		{85B2A88B-6685-4C89-AF42-C9C81C1F0299}.DVD-5|x86.ActiveCfg = Debug|Any CPU
		{85B2A88B-6685-4C89-AF42-C9C81C1F0299}.DVD-5|x86.Build.0 = Debug|Any CPU
		{85B2A88B-6685-4C89-AF42-C9C81C1F0299}.Release|Any CPU.ActiveCfg = Release|Any CPU
		{85B2A88B-6685-4C89-AF42-C9C81C1F0299}.Release|Any CPU.Build.0 = Release|Any CPU
		{85B2A88B-6685-4C89-AF42-C9C81C1F0299}.Release|x86.ActiveCfg = Release|Any CPU
		{85B2A88B-6685-4C89-AF42-C9C81C1F0299}.Release|x86.Build.0 = Release|Any CPU
		{85B2A88B-6685-4C89-AF42-C9C81C1F0299}.SingleImage|Any CPU.ActiveCfg = Debug|Any CPU
		{85B2A88B-6685-4C89-AF42-C9C81C1F0299}.SingleImage|Any CPU.Build.0 = Debug|Any CPU
		{85B2A88B-6685-4C89-AF42-C9C81C1F0299}.SingleImage|x86.ActiveCfg = Debug|Any CPU
		{85B2A88B-6685-4C89-AF42-C9C81C1F0299}.SingleImage|x86.Build.0 = Debug|Any CPU
		{85B2A88B-6685-4C89-AF42-C9C81C1F0299}.WPFDebug|Any CPU.ActiveCfg = Debug|Any CPU
		{85B2A88B-6685-4C89-AF42-C9C81C1F0299}.WPFDebug|Any CPU.Build.0 = Debug|Any CPU
		{85B2A88B-6685-4C89-AF42-C9C81C1F0299}.WPFDebug|x86.ActiveCfg = Debug|Any CPU
		{85B2A88B-6685-4C89-AF42-C9C81C1F0299}.WPFDebug|x86.Build.0 = Debug|Any CPU
		{85B2A88B-6685-4C89-AF42-C9C81C1F0299}.WPFRelease|Any CPU.ActiveCfg = Release|Any CPU
		{85B2A88B-6685-4C89-AF42-C9C81C1F0299}.WPFRelease|Any CPU.Build.0 = Release|Any CPU
		{85B2A88B-6685-4C89-AF42-C9C81C1F0299}.WPFRelease|x86.ActiveCfg = Release|Any CPU
		{85B2A88B-6685-4C89-AF42-C9C81C1F0299}.WPFRelease|x86.Build.0 = Release|Any CPU
		{8EEAD19D-EAD8-4A6D-819C-AC47B59A08F1}.CD_ROM|Any CPU.ActiveCfg = Debug|Any CPU
		{8EEAD19D-EAD8-4A6D-819C-AC47B59A08F1}.CD_ROM|Any CPU.Build.0 = Debug|Any CPU
		{8EEAD19D-EAD8-4A6D-819C-AC47B59A08F1}.CD_ROM|x86.ActiveCfg = Debug|Any CPU
		{8EEAD19D-EAD8-4A6D-819C-AC47B59A08F1}.CD_ROM|x86.Build.0 = Debug|Any CPU
		{8EEAD19D-EAD8-4A6D-819C-AC47B59A08F1}.Debug|Any CPU.ActiveCfg = Debug|Any CPU
		{8EEAD19D-EAD8-4A6D-819C-AC47B59A08F1}.Debug|Any CPU.Build.0 = Debug|Any CPU
		{8EEAD19D-EAD8-4A6D-819C-AC47B59A08F1}.Debug|x86.ActiveCfg = Debug|Any CPU
		{8EEAD19D-EAD8-4A6D-819C-AC47B59A08F1}.Debug|x86.Build.0 = Debug|Any CPU
		{8EEAD19D-EAD8-4A6D-819C-AC47B59A08F1}.DVD-5|Any CPU.ActiveCfg = Debug|Any CPU
		{8EEAD19D-EAD8-4A6D-819C-AC47B59A08F1}.DVD-5|Any CPU.Build.0 = Debug|Any CPU
		{8EEAD19D-EAD8-4A6D-819C-AC47B59A08F1}.DVD-5|x86.ActiveCfg = Debug|Any CPU
		{8EEAD19D-EAD8-4A6D-819C-AC47B59A08F1}.DVD-5|x86.Build.0 = Debug|Any CPU
		{8EEAD19D-EAD8-4A6D-819C-AC47B59A08F1}.Release|Any CPU.ActiveCfg = Release|Any CPU
		{8EEAD19D-EAD8-4A6D-819C-AC47B59A08F1}.Release|Any CPU.Build.0 = Release|Any CPU
		{8EEAD19D-EAD8-4A6D-819C-AC47B59A08F1}.Release|x86.ActiveCfg = Release|Any CPU
		{8EEAD19D-EAD8-4A6D-819C-AC47B59A08F1}.Release|x86.Build.0 = Release|Any CPU
		{8EEAD19D-EAD8-4A6D-819C-AC47B59A08F1}.SingleImage|Any CPU.ActiveCfg = Debug|Any CPU
		{8EEAD19D-EAD8-4A6D-819C-AC47B59A08F1}.SingleImage|Any CPU.Build.0 = Debug|Any CPU
		{8EEAD19D-EAD8-4A6D-819C-AC47B59A08F1}.SingleImage|x86.ActiveCfg = Debug|Any CPU
		{8EEAD19D-EAD8-4A6D-819C-AC47B59A08F1}.SingleImage|x86.Build.0 = Debug|Any CPU
		{8EEAD19D-EAD8-4A6D-819C-AC47B59A08F1}.WPFDebug|Any CPU.ActiveCfg = Debug|Any CPU
		{8EEAD19D-EAD8-4A6D-819C-AC47B59A08F1}.WPFDebug|Any CPU.Build.0 = Debug|Any CPU
		{8EEAD19D-EAD8-4A6D-819C-AC47B59A08F1}.WPFDebug|x86.ActiveCfg = Debug|Any CPU
		{8EEAD19D-EAD8-4A6D-819C-AC47B59A08F1}.WPFDebug|x86.Build.0 = Debug|Any CPU
		{8EEAD19D-EAD8-4A6D-819C-AC47B59A08F1}.WPFRelease|Any CPU.ActiveCfg = Release|Any CPU
		{8EEAD19D-EAD8-4A6D-819C-AC47B59A08F1}.WPFRelease|Any CPU.Build.0 = Release|Any CPU
		{8EEAD19D-EAD8-4A6D-819C-AC47B59A08F1}.WPFRelease|x86.ActiveCfg = Release|Any CPU
		{8EEAD19D-EAD8-4A6D-819C-AC47B59A08F1}.WPFRelease|x86.Build.0 = Release|Any CPU
		{E1557014-BB6D-41BC-92F6-877002282CA1}.CD_ROM|Any CPU.ActiveCfg = Debug|Any CPU
		{E1557014-BB6D-41BC-92F6-877002282CA1}.CD_ROM|Any CPU.Build.0 = Debug|Any CPU
		{E1557014-BB6D-41BC-92F6-877002282CA1}.CD_ROM|x86.ActiveCfg = Debug|Any CPU
		{E1557014-BB6D-41BC-92F6-877002282CA1}.CD_ROM|x86.Build.0 = Debug|Any CPU
		{E1557014-BB6D-41BC-92F6-877002282CA1}.Debug|Any CPU.ActiveCfg = Debug|Any CPU
		{E1557014-BB6D-41BC-92F6-877002282CA1}.Debug|Any CPU.Build.0 = Debug|Any CPU
		{E1557014-BB6D-41BC-92F6-877002282CA1}.Debug|x86.ActiveCfg = Debug|Any CPU
		{E1557014-BB6D-41BC-92F6-877002282CA1}.Debug|x86.Build.0 = Debug|Any CPU
		{E1557014-BB6D-41BC-92F6-877002282CA1}.DVD-5|Any CPU.ActiveCfg = Debug|Any CPU
		{E1557014-BB6D-41BC-92F6-877002282CA1}.DVD-5|Any CPU.Build.0 = Debug|Any CPU
		{E1557014-BB6D-41BC-92F6-877002282CA1}.DVD-5|x86.ActiveCfg = Debug|Any CPU
		{E1557014-BB6D-41BC-92F6-877002282CA1}.DVD-5|x86.Build.0 = Debug|Any CPU
		{E1557014-BB6D-41BC-92F6-877002282CA1}.Release|Any CPU.ActiveCfg = Release|Any CPU
		{E1557014-BB6D-41BC-92F6-877002282CA1}.Release|Any CPU.Build.0 = Release|Any CPU
		{E1557014-BB6D-41BC-92F6-877002282CA1}.Release|x86.ActiveCfg = Release|Any CPU
		{E1557014-BB6D-41BC-92F6-877002282CA1}.Release|x86.Build.0 = Release|Any CPU
		{E1557014-BB6D-41BC-92F6-877002282CA1}.SingleImage|Any CPU.ActiveCfg = Debug|Any CPU
		{E1557014-BB6D-41BC-92F6-877002282CA1}.SingleImage|Any CPU.Build.0 = Debug|Any CPU
		{E1557014-BB6D-41BC-92F6-877002282CA1}.SingleImage|x86.ActiveCfg = Debug|Any CPU
		{E1557014-BB6D-41BC-92F6-877002282CA1}.SingleImage|x86.Build.0 = Debug|Any CPU
		{E1557014-BB6D-41BC-92F6-877002282CA1}.WPFDebug|Any CPU.ActiveCfg = Debug|Any CPU
		{E1557014-BB6D-41BC-92F6-877002282CA1}.WPFDebug|Any CPU.Build.0 = Debug|Any CPU
		{E1557014-BB6D-41BC-92F6-877002282CA1}.WPFDebug|x86.ActiveCfg = Debug|Any CPU
		{E1557014-BB6D-41BC-92F6-877002282CA1}.WPFDebug|x86.Build.0 = Debug|Any CPU
		{E1557014-BB6D-41BC-92F6-877002282CA1}.WPFRelease|Any CPU.ActiveCfg = Release|Any CPU
		{E1557014-BB6D-41BC-92F6-877002282CA1}.WPFRelease|Any CPU.Build.0 = Release|Any CPU
		{E1557014-BB6D-41BC-92F6-877002282CA1}.WPFRelease|x86.ActiveCfg = Release|Any CPU
		{E1557014-BB6D-41BC-92F6-877002282CA1}.WPFRelease|x86.Build.0 = Release|Any CPU
		{B592B587-8748-461F-BD8F-67A782B8E0D5}.CD_ROM|Any CPU.ActiveCfg = Release|Any CPU
		{B592B587-8748-461F-BD8F-67A782B8E0D5}.CD_ROM|Any CPU.Build.0 = Release|Any CPU
		{B592B587-8748-461F-BD8F-67A782B8E0D5}.CD_ROM|x86.ActiveCfg = Release|Any CPU
		{B592B587-8748-461F-BD8F-67A782B8E0D5}.CD_ROM|x86.Build.0 = Release|Any CPU
		{B592B587-8748-461F-BD8F-67A782B8E0D5}.Debug|Any CPU.ActiveCfg = Debug|Any CPU
		{B592B587-8748-461F-BD8F-67A782B8E0D5}.Debug|Any CPU.Build.0 = Debug|Any CPU
		{B592B587-8748-461F-BD8F-67A782B8E0D5}.Debug|x86.ActiveCfg = Debug|Any CPU
		{B592B587-8748-461F-BD8F-67A782B8E0D5}.Debug|x86.Build.0 = Debug|Any CPU
		{B592B587-8748-461F-BD8F-67A782B8E0D5}.DVD-5|Any CPU.ActiveCfg = Debug|Any CPU
		{B592B587-8748-461F-BD8F-67A782B8E0D5}.DVD-5|Any CPU.Build.0 = Debug|Any CPU
		{B592B587-8748-461F-BD8F-67A782B8E0D5}.DVD-5|x86.ActiveCfg = Debug|Any CPU
		{B592B587-8748-461F-BD8F-67A782B8E0D5}.DVD-5|x86.Build.0 = Debug|Any CPU
		{B592B587-8748-461F-BD8F-67A782B8E0D5}.Release|Any CPU.ActiveCfg = Release|Any CPU
		{B592B587-8748-461F-BD8F-67A782B8E0D5}.Release|Any CPU.Build.0 = Release|Any CPU
		{B592B587-8748-461F-BD8F-67A782B8E0D5}.Release|x86.ActiveCfg = Release|Any CPU
		{B592B587-8748-461F-BD8F-67A782B8E0D5}.Release|x86.Build.0 = Release|Any CPU
		{B592B587-8748-461F-BD8F-67A782B8E0D5}.SingleImage|Any CPU.ActiveCfg = Release|Any CPU
		{B592B587-8748-461F-BD8F-67A782B8E0D5}.SingleImage|Any CPU.Build.0 = Release|Any CPU
		{B592B587-8748-461F-BD8F-67A782B8E0D5}.SingleImage|x86.ActiveCfg = Release|Any CPU
		{B592B587-8748-461F-BD8F-67A782B8E0D5}.SingleImage|x86.Build.0 = Release|Any CPU
		{B592B587-8748-461F-BD8F-67A782B8E0D5}.WPFDebug|Any CPU.ActiveCfg = Debug|Any CPU
		{B592B587-8748-461F-BD8F-67A782B8E0D5}.WPFDebug|Any CPU.Build.0 = Debug|Any CPU
		{B592B587-8748-461F-BD8F-67A782B8E0D5}.WPFDebug|x86.ActiveCfg = Debug|Any CPU
		{B592B587-8748-461F-BD8F-67A782B8E0D5}.WPFDebug|x86.Build.0 = Debug|Any CPU
		{B592B587-8748-461F-BD8F-67A782B8E0D5}.WPFRelease|Any CPU.ActiveCfg = Release|Any CPU
		{B592B587-8748-461F-BD8F-67A782B8E0D5}.WPFRelease|Any CPU.Build.0 = Release|Any CPU
		{B592B587-8748-461F-BD8F-67A782B8E0D5}.WPFRelease|x86.ActiveCfg = Release|Any CPU
		{B592B587-8748-461F-BD8F-67A782B8E0D5}.WPFRelease|x86.Build.0 = Release|Any CPU
		{664255C7-6F4C-4066-A373-AE9D6C156126}.CD_ROM|Any CPU.ActiveCfg = Debug|Any CPU
		{664255C7-6F4C-4066-A373-AE9D6C156126}.CD_ROM|Any CPU.Build.0 = Debug|Any CPU
		{664255C7-6F4C-4066-A373-AE9D6C156126}.CD_ROM|x86.ActiveCfg = Debug|Any CPU
		{664255C7-6F4C-4066-A373-AE9D6C156126}.CD_ROM|x86.Build.0 = Debug|Any CPU
		{664255C7-6F4C-4066-A373-AE9D6C156126}.Debug|Any CPU.ActiveCfg = Debug|Any CPU
		{664255C7-6F4C-4066-A373-AE9D6C156126}.Debug|Any CPU.Build.0 = Debug|Any CPU
		{664255C7-6F4C-4066-A373-AE9D6C156126}.Debug|x86.ActiveCfg = Debug|Any CPU
		{664255C7-6F4C-4066-A373-AE9D6C156126}.Debug|x86.Build.0 = Debug|Any CPU
		{664255C7-6F4C-4066-A373-AE9D6C156126}.DVD-5|Any CPU.ActiveCfg = Debug|Any CPU
		{664255C7-6F4C-4066-A373-AE9D6C156126}.DVD-5|Any CPU.Build.0 = Debug|Any CPU
		{664255C7-6F4C-4066-A373-AE9D6C156126}.DVD-5|x86.ActiveCfg = Debug|Any CPU
		{664255C7-6F4C-4066-A373-AE9D6C156126}.DVD-5|x86.Build.0 = Debug|Any CPU
		{664255C7-6F4C-4066-A373-AE9D6C156126}.Release|Any CPU.ActiveCfg = Release|Any CPU
		{664255C7-6F4C-4066-A373-AE9D6C156126}.Release|Any CPU.Build.0 = Release|Any CPU
		{664255C7-6F4C-4066-A373-AE9D6C156126}.Release|x86.ActiveCfg = Release|Any CPU
		{664255C7-6F4C-4066-A373-AE9D6C156126}.Release|x86.Build.0 = Release|Any CPU
		{664255C7-6F4C-4066-A373-AE9D6C156126}.SingleImage|Any CPU.ActiveCfg = Debug|Any CPU
		{664255C7-6F4C-4066-A373-AE9D6C156126}.SingleImage|Any CPU.Build.0 = Debug|Any CPU
		{664255C7-6F4C-4066-A373-AE9D6C156126}.SingleImage|x86.ActiveCfg = Debug|Any CPU
		{664255C7-6F4C-4066-A373-AE9D6C156126}.SingleImage|x86.Build.0 = Debug|Any CPU
		{664255C7-6F4C-4066-A373-AE9D6C156126}.WPFDebug|Any CPU.ActiveCfg = Debug|Any CPU
		{664255C7-6F4C-4066-A373-AE9D6C156126}.WPFDebug|Any CPU.Build.0 = Debug|Any CPU
		{664255C7-6F4C-4066-A373-AE9D6C156126}.WPFDebug|x86.ActiveCfg = Debug|Any CPU
		{664255C7-6F4C-4066-A373-AE9D6C156126}.WPFDebug|x86.Build.0 = Debug|Any CPU
		{664255C7-6F4C-4066-A373-AE9D6C156126}.WPFRelease|Any CPU.ActiveCfg = Release|Any CPU
		{664255C7-6F4C-4066-A373-AE9D6C156126}.WPFRelease|Any CPU.Build.0 = Release|Any CPU
		{664255C7-6F4C-4066-A373-AE9D6C156126}.WPFRelease|x86.ActiveCfg = Release|Any CPU
		{664255C7-6F4C-4066-A373-AE9D6C156126}.WPFRelease|x86.Build.0 = Release|Any CPU
		{3DCDEDE9-F7D6-40D6-BC8B-1EE13BBFFDD3}.CD_ROM|Any CPU.ActiveCfg = Release|Any CPU
		{3DCDEDE9-F7D6-40D6-BC8B-1EE13BBFFDD3}.CD_ROM|Any CPU.Build.0 = Release|Any CPU
		{3DCDEDE9-F7D6-40D6-BC8B-1EE13BBFFDD3}.CD_ROM|x86.ActiveCfg = Release|Any CPU
		{3DCDEDE9-F7D6-40D6-BC8B-1EE13BBFFDD3}.CD_ROM|x86.Build.0 = Release|Any CPU
		{3DCDEDE9-F7D6-40D6-BC8B-1EE13BBFFDD3}.Debug|Any CPU.ActiveCfg = Debug|Any CPU
		{3DCDEDE9-F7D6-40D6-BC8B-1EE13BBFFDD3}.Debug|Any CPU.Build.0 = Debug|Any CPU
		{3DCDEDE9-F7D6-40D6-BC8B-1EE13BBFFDD3}.Debug|x86.ActiveCfg = Debug|Any CPU
		{3DCDEDE9-F7D6-40D6-BC8B-1EE13BBFFDD3}.Debug|x86.Build.0 = Debug|Any CPU
		{3DCDEDE9-F7D6-40D6-BC8B-1EE13BBFFDD3}.DVD-5|Any CPU.ActiveCfg = Debug|Any CPU
		{3DCDEDE9-F7D6-40D6-BC8B-1EE13BBFFDD3}.DVD-5|Any CPU.Build.0 = Debug|Any CPU
		{3DCDEDE9-F7D6-40D6-BC8B-1EE13BBFFDD3}.DVD-5|x86.ActiveCfg = Debug|Any CPU
		{3DCDEDE9-F7D6-40D6-BC8B-1EE13BBFFDD3}.DVD-5|x86.Build.0 = Debug|Any CPU
		{3DCDEDE9-F7D6-40D6-BC8B-1EE13BBFFDD3}.Release|Any CPU.ActiveCfg = Release|Any CPU
		{3DCDEDE9-F7D6-40D6-BC8B-1EE13BBFFDD3}.Release|Any CPU.Build.0 = Release|Any CPU
		{3DCDEDE9-F7D6-40D6-BC8B-1EE13BBFFDD3}.Release|x86.ActiveCfg = Release|Any CPU
		{3DCDEDE9-F7D6-40D6-BC8B-1EE13BBFFDD3}.Release|x86.Build.0 = Release|Any CPU
		{3DCDEDE9-F7D6-40D6-BC8B-1EE13BBFFDD3}.SingleImage|Any CPU.ActiveCfg = Release|Any CPU
		{3DCDEDE9-F7D6-40D6-BC8B-1EE13BBFFDD3}.SingleImage|Any CPU.Build.0 = Release|Any CPU
		{3DCDEDE9-F7D6-40D6-BC8B-1EE13BBFFDD3}.SingleImage|x86.ActiveCfg = Release|Any CPU
		{3DCDEDE9-F7D6-40D6-BC8B-1EE13BBFFDD3}.SingleImage|x86.Build.0 = Release|Any CPU
		{3DCDEDE9-F7D6-40D6-BC8B-1EE13BBFFDD3}.WPFDebug|Any CPU.ActiveCfg = Debug|Any CPU
		{3DCDEDE9-F7D6-40D6-BC8B-1EE13BBFFDD3}.WPFDebug|Any CPU.Build.0 = Debug|Any CPU
		{3DCDEDE9-F7D6-40D6-BC8B-1EE13BBFFDD3}.WPFDebug|x86.ActiveCfg = Debug|Any CPU
		{3DCDEDE9-F7D6-40D6-BC8B-1EE13BBFFDD3}.WPFDebug|x86.Build.0 = Debug|Any CPU
		{3DCDEDE9-F7D6-40D6-BC8B-1EE13BBFFDD3}.WPFRelease|Any CPU.ActiveCfg = Release|Any CPU
		{3DCDEDE9-F7D6-40D6-BC8B-1EE13BBFFDD3}.WPFRelease|Any CPU.Build.0 = Release|Any CPU
		{3DCDEDE9-F7D6-40D6-BC8B-1EE13BBFFDD3}.WPFRelease|x86.ActiveCfg = Release|Any CPU
		{3DCDEDE9-F7D6-40D6-BC8B-1EE13BBFFDD3}.WPFRelease|x86.Build.0 = Release|Any CPU
		{99CD234B-F122-474E-93CE-794833C07565}.CD_ROM|Any CPU.ActiveCfg = Release|Any CPU
		{99CD234B-F122-474E-93CE-794833C07565}.CD_ROM|Any CPU.Build.0 = Release|Any CPU
		{99CD234B-F122-474E-93CE-794833C07565}.CD_ROM|x86.ActiveCfg = Release|Any CPU
		{99CD234B-F122-474E-93CE-794833C07565}.CD_ROM|x86.Build.0 = Release|Any CPU
		{99CD234B-F122-474E-93CE-794833C07565}.Debug|Any CPU.ActiveCfg = Debug|Any CPU
		{99CD234B-F122-474E-93CE-794833C07565}.Debug|Any CPU.Build.0 = Debug|Any CPU
		{99CD234B-F122-474E-93CE-794833C07565}.Debug|x86.ActiveCfg = Debug|Any CPU
		{99CD234B-F122-474E-93CE-794833C07565}.Debug|x86.Build.0 = Debug|Any CPU
		{99CD234B-F122-474E-93CE-794833C07565}.DVD-5|Any CPU.ActiveCfg = Debug|Any CPU
		{99CD234B-F122-474E-93CE-794833C07565}.DVD-5|Any CPU.Build.0 = Debug|Any CPU
		{99CD234B-F122-474E-93CE-794833C07565}.DVD-5|x86.ActiveCfg = Debug|Any CPU
		{99CD234B-F122-474E-93CE-794833C07565}.DVD-5|x86.Build.0 = Debug|Any CPU
		{99CD234B-F122-474E-93CE-794833C07565}.Release|Any CPU.ActiveCfg = Release|Any CPU
		{99CD234B-F122-474E-93CE-794833C07565}.Release|Any CPU.Build.0 = Release|Any CPU
		{99CD234B-F122-474E-93CE-794833C07565}.Release|x86.ActiveCfg = Release|Any CPU
		{99CD234B-F122-474E-93CE-794833C07565}.Release|x86.Build.0 = Release|Any CPU
		{99CD234B-F122-474E-93CE-794833C07565}.SingleImage|Any CPU.ActiveCfg = Release|Any CPU
		{99CD234B-F122-474E-93CE-794833C07565}.SingleImage|Any CPU.Build.0 = Release|Any CPU
		{99CD234B-F122-474E-93CE-794833C07565}.SingleImage|x86.ActiveCfg = Release|Any CPU
		{99CD234B-F122-474E-93CE-794833C07565}.SingleImage|x86.Build.0 = Release|Any CPU
		{99CD234B-F122-474E-93CE-794833C07565}.WPFDebug|Any CPU.ActiveCfg = Debug|Any CPU
		{99CD234B-F122-474E-93CE-794833C07565}.WPFDebug|Any CPU.Build.0 = Debug|Any CPU
		{99CD234B-F122-474E-93CE-794833C07565}.WPFDebug|x86.ActiveCfg = Debug|Any CPU
		{99CD234B-F122-474E-93CE-794833C07565}.WPFDebug|x86.Build.0 = Debug|Any CPU
		{99CD234B-F122-474E-93CE-794833C07565}.WPFRelease|Any CPU.ActiveCfg = Release|Any CPU
		{99CD234B-F122-474E-93CE-794833C07565}.WPFRelease|Any CPU.Build.0 = Release|Any CPU
		{99CD234B-F122-474E-93CE-794833C07565}.WPFRelease|x86.ActiveCfg = Release|Any CPU
		{99CD234B-F122-474E-93CE-794833C07565}.WPFRelease|x86.Build.0 = Release|Any CPU
		{D465F410-903D-41DD-81DE-59F731FDB19B}.CD_ROM|Any CPU.ActiveCfg = Release|Any CPU
		{D465F410-903D-41DD-81DE-59F731FDB19B}.CD_ROM|Any CPU.Build.0 = Release|Any CPU
		{D465F410-903D-41DD-81DE-59F731FDB19B}.CD_ROM|x86.ActiveCfg = Release|Any CPU
		{D465F410-903D-41DD-81DE-59F731FDB19B}.CD_ROM|x86.Build.0 = Release|Any CPU
		{D465F410-903D-41DD-81DE-59F731FDB19B}.Debug|Any CPU.ActiveCfg = Debug|Any CPU
		{D465F410-903D-41DD-81DE-59F731FDB19B}.Debug|Any CPU.Build.0 = Debug|Any CPU
		{D465F410-903D-41DD-81DE-59F731FDB19B}.Debug|x86.ActiveCfg = Debug|Any CPU
		{D465F410-903D-41DD-81DE-59F731FDB19B}.Debug|x86.Build.0 = Debug|Any CPU
		{D465F410-903D-41DD-81DE-59F731FDB19B}.DVD-5|Any CPU.ActiveCfg = Debug|Any CPU
		{D465F410-903D-41DD-81DE-59F731FDB19B}.DVD-5|Any CPU.Build.0 = Debug|Any CPU
		{D465F410-903D-41DD-81DE-59F731FDB19B}.DVD-5|x86.ActiveCfg = Debug|Any CPU
		{D465F410-903D-41DD-81DE-59F731FDB19B}.DVD-5|x86.Build.0 = Debug|Any CPU
		{D465F410-903D-41DD-81DE-59F731FDB19B}.Release|Any CPU.ActiveCfg = Release|Any CPU
		{D465F410-903D-41DD-81DE-59F731FDB19B}.Release|Any CPU.Build.0 = Release|Any CPU
		{D465F410-903D-41DD-81DE-59F731FDB19B}.Release|x86.ActiveCfg = Release|Any CPU
		{D465F410-903D-41DD-81DE-59F731FDB19B}.Release|x86.Build.0 = Release|Any CPU
		{D465F410-903D-41DD-81DE-59F731FDB19B}.SingleImage|Any CPU.ActiveCfg = Release|Any CPU
		{D465F410-903D-41DD-81DE-59F731FDB19B}.SingleImage|Any CPU.Build.0 = Release|Any CPU
		{D465F410-903D-41DD-81DE-59F731FDB19B}.SingleImage|x86.ActiveCfg = Release|Any CPU
		{D465F410-903D-41DD-81DE-59F731FDB19B}.SingleImage|x86.Build.0 = Release|Any CPU
		{D465F410-903D-41DD-81DE-59F731FDB19B}.WPFDebug|Any CPU.ActiveCfg = Debug|Any CPU
		{D465F410-903D-41DD-81DE-59F731FDB19B}.WPFDebug|Any CPU.Build.0 = Debug|Any CPU
		{D465F410-903D-41DD-81DE-59F731FDB19B}.WPFDebug|x86.ActiveCfg = Debug|Any CPU
		{D465F410-903D-41DD-81DE-59F731FDB19B}.WPFDebug|x86.Build.0 = Debug|Any CPU
		{D465F410-903D-41DD-81DE-59F731FDB19B}.WPFRelease|Any CPU.ActiveCfg = Release|Any CPU
		{D465F410-903D-41DD-81DE-59F731FDB19B}.WPFRelease|Any CPU.Build.0 = Release|Any CPU
		{D465F410-903D-41DD-81DE-59F731FDB19B}.WPFRelease|x86.ActiveCfg = Release|Any CPU
		{D465F410-903D-41DD-81DE-59F731FDB19B}.WPFRelease|x86.Build.0 = Release|Any CPU
		{E9E44D21-41E9-4BFA-B324-DCDFC184502C}.CD_ROM|Any CPU.ActiveCfg = Debug|Any CPU
		{E9E44D21-41E9-4BFA-B324-DCDFC184502C}.CD_ROM|Any CPU.Build.0 = Debug|Any CPU
		{E9E44D21-41E9-4BFA-B324-DCDFC184502C}.CD_ROM|x86.ActiveCfg = Debug|Any CPU
		{E9E44D21-41E9-4BFA-B324-DCDFC184502C}.CD_ROM|x86.Build.0 = Debug|Any CPU
		{E9E44D21-41E9-4BFA-B324-DCDFC184502C}.Debug|Any CPU.ActiveCfg = Debug|Any CPU
		{E9E44D21-41E9-4BFA-B324-DCDFC184502C}.Debug|Any CPU.Build.0 = Debug|Any CPU
		{E9E44D21-41E9-4BFA-B324-DCDFC184502C}.Debug|x86.ActiveCfg = Debug|Any CPU
		{E9E44D21-41E9-4BFA-B324-DCDFC184502C}.Debug|x86.Build.0 = Debug|Any CPU
		{E9E44D21-41E9-4BFA-B324-DCDFC184502C}.DVD-5|Any CPU.ActiveCfg = Debug|Any CPU
		{E9E44D21-41E9-4BFA-B324-DCDFC184502C}.DVD-5|Any CPU.Build.0 = Debug|Any CPU
		{E9E44D21-41E9-4BFA-B324-DCDFC184502C}.DVD-5|x86.ActiveCfg = Debug|Any CPU
		{E9E44D21-41E9-4BFA-B324-DCDFC184502C}.DVD-5|x86.Build.0 = Debug|Any CPU
		{E9E44D21-41E9-4BFA-B324-DCDFC184502C}.Release|Any CPU.ActiveCfg = Release|Any CPU
		{E9E44D21-41E9-4BFA-B324-DCDFC184502C}.Release|Any CPU.Build.0 = Release|Any CPU
		{E9E44D21-41E9-4BFA-B324-DCDFC184502C}.Release|x86.ActiveCfg = Release|Any CPU
		{E9E44D21-41E9-4BFA-B324-DCDFC184502C}.Release|x86.Build.0 = Release|Any CPU
		{E9E44D21-41E9-4BFA-B324-DCDFC184502C}.SingleImage|Any CPU.ActiveCfg = Debug|Any CPU
		{E9E44D21-41E9-4BFA-B324-DCDFC184502C}.SingleImage|Any CPU.Build.0 = Debug|Any CPU
		{E9E44D21-41E9-4BFA-B324-DCDFC184502C}.SingleImage|x86.ActiveCfg = Debug|Any CPU
		{E9E44D21-41E9-4BFA-B324-DCDFC184502C}.SingleImage|x86.Build.0 = Debug|Any CPU
		{E9E44D21-41E9-4BFA-B324-DCDFC184502C}.WPFDebug|Any CPU.ActiveCfg = Debug|Any CPU
		{E9E44D21-41E9-4BFA-B324-DCDFC184502C}.WPFDebug|Any CPU.Build.0 = Debug|Any CPU
		{E9E44D21-41E9-4BFA-B324-DCDFC184502C}.WPFDebug|x86.ActiveCfg = Debug|Any CPU
		{E9E44D21-41E9-4BFA-B324-DCDFC184502C}.WPFDebug|x86.Build.0 = Debug|Any CPU
		{E9E44D21-41E9-4BFA-B324-DCDFC184502C}.WPFRelease|Any CPU.ActiveCfg = Release|Any CPU
		{E9E44D21-41E9-4BFA-B324-DCDFC184502C}.WPFRelease|Any CPU.Build.0 = Release|Any CPU
		{E9E44D21-41E9-4BFA-B324-DCDFC184502C}.WPFRelease|x86.ActiveCfg = Release|Any CPU
		{E9E44D21-41E9-4BFA-B324-DCDFC184502C}.WPFRelease|x86.Build.0 = Release|Any CPU
	EndGlobalSection
	GlobalSection(SolutionProperties) = preSolution
		HideSolutionNode = FALSE
	EndGlobalSection
	GlobalSection(NestedProjects) = preSolution
		{4D7617F4-6B73-4CA0-9480-6847AD9B8B38} = {AF9B85AE-8473-4182-85DC-BBC6CB42F197}
		{F4104095-E0BF-4E6D-9536-922F36269FCD} = {AF9B85AE-8473-4182-85DC-BBC6CB42F197}
		{E7B1018B-959C-4351-A49D-B01D7DADF630} = {AF9B85AE-8473-4182-85DC-BBC6CB42F197}
		{912715FF-C1FE-4F63-88C1-9D852CE13EE9} = {42013589-9EB7-4538-AEF5-FBFA6F64317E}
		{27B88C9B-D791-4705-9E74-BC86472A99B0} = {42013589-9EB7-4538-AEF5-FBFA6F64317E}
		{20DDDC11-035A-4AD5-BB79-C9110B4DF393} = {42013589-9EB7-4538-AEF5-FBFA6F64317E}
		{D225BEFE-B0AD-4830-88EA-11647EE5AECC} = {42013589-9EB7-4538-AEF5-FBFA6F64317E}
		{535ABA9C-2FF4-486D-B566-E9A0FF9428C7} = {8D83C0E8-803E-4873-8B75-981EC341C32A}
		{61DF9DCE-0E29-4C39-B58C-7B4CA80510BE} = {42013589-9EB7-4538-AEF5-FBFA6F64317E}
		{85B2A88B-6685-4C89-AF42-C9C81C1F0299} = {42013589-9EB7-4538-AEF5-FBFA6F64317E}
		{8EEAD19D-EAD8-4A6D-819C-AC47B59A08F1} = {8D83C0E8-803E-4873-8B75-981EC341C32A}
		{E1557014-BB6D-41BC-92F6-877002282CA1} = {8D83C0E8-803E-4873-8B75-981EC341C32A}
		{B592B587-8748-461F-BD8F-67A782B8E0D5} = {8D83C0E8-803E-4873-8B75-981EC341C32A}
		{664255C7-6F4C-4066-A373-AE9D6C156126} = {42013589-9EB7-4538-AEF5-FBFA6F64317E}
		{3DCDEDE9-F7D6-40D6-BC8B-1EE13BBFFDD3} = {42013589-9EB7-4538-AEF5-FBFA6F64317E}
		{99CD234B-F122-474E-93CE-794833C07565} = {8D83C0E8-803E-4873-8B75-981EC341C32A}
		{D465F410-903D-41DD-81DE-59F731FDB19B} = {AF9B85AE-8473-4182-85DC-BBC6CB42F197}
		{E9E44D21-41E9-4BFA-B324-DCDFC184502C} = {8D83C0E8-803E-4873-8B75-981EC341C32A}
	EndGlobalSection
	GlobalSection(ExtensibilityGlobals) = postSolution
		SolutionGuid = {1A48DA54-9C5B-4DFD-81DD-5DC9D3A07124}
	EndGlobalSection
EndGlobal
