
Microsoft Visual Studio Solution File, Format Version 12.00
# Visual Studio Version 16
VisualStudioVersion = 16.0.31911.196
MinimumVisualStudioVersion = 10.0.40219.1
Project("{FAE04EC0-301F-11D3-BF4B-00C04F79EFBC}") = "Pmic", "PMICToolBox\Pmic.csproj", "{3C003A9C-6D20-42C6-AAEA-C15821A571B4}"
EndProject
Project("{FAE04EC0-301F-11D3-BF4B-00C04F79EFBC}") = "IgxlData", "IgxlData\IgxlData.csproj", "{7245B663-677C-4445-BAD5-36AF145959FD}"
EndProject
Project("{2150E333-8FDC-42A3-9474-1A3956D46DE8}") = "Solution Items", "Solution Items", "{C4223B30-72E2-4B73-B7E3-4412B31E3C34}"
	ProjectSection(SolutionItems) = preProject
		test.runsettings = test.runsettings
	EndProjectSection
EndProject
Project("{FAE04EC0-301F-11D3-BF4B-00C04F79EFBC}") = "Library", "Library\Library.csproj", "{195599DC-5B9F-4F35-971B-BD475F55FDE6}"
EndProject
Project("{FAE04EC0-301F-11D3-BF4B-00C04F79EFBC}") = "Frame", "Frame\Frame.csproj", "{81598C48-1826-4D68-AEF7-B03259E03163}"
EndProject
Project("{FAE04EC0-301F-11D3-BF4B-00C04F79EFBC}") = "PinNameRemoval", "PinNameRemoval\PinNameRemoval.csproj", "{CDD57F77-A046-40A5-B5AF-C9F5F51D4DAC}"
EndProject
Project("{FAE04EC0-301F-11D3-BF4B-00C04F79EFBC}") = "DatalogComparator", "DatalogComparator\DatalogComparator.csproj", "{B93B1782-C35E-4680-85A7-9E651502925C}"
EndProject
Project("{FAE04EC0-301F-11D3-BF4B-00C04F79EFBC}") = "CommonLib", "CommonLib\CommonLib.csproj", "{8EEAD19D-EAD8-4A6D-819C-AC47B59A08F1}"
EndProject
Project("{FAE04EC0-301F-11D3-BF4B-00C04F79EFBC}") = "ProfileTool_PMIC", "ProfileTool_PMIC\ProfileTool_PMIC.csproj", "{370053C7-7EED-423A-B22A-8298299110B2}"
EndProject
Project("{FAE04EC0-301F-11D3-BF4B-00C04F79EFBC}") = "CLBistDataConverter", "CLBistDataConverter\CLBistDataConverter.csproj", "{69F436BB-F1A3-4E4E-B00E-98832D73ED1C}"
EndProject
Project("{FAE04EC0-301F-11D3-BF4B-00C04F79EFBC}") = "VBTPOPGen_PreCheck", "VBTPOPGen_PreCheck\VBTPOPGen_PreCheck.csproj", "{D50484DF-85E8-4570-88A4-7DBBCACD554D}"
EndProject
Project("{FAE04EC0-301F-11D3-BF4B-00C04F79EFBC}") = "BinOutCheck", "BinOutCheck\BinOutCheck.csproj", "{13E25055-41F1-4582-AC81-76C3DA36C1B2}"
EndProject
Project("{FAE04EC0-301F-11D3-BF4B-00C04F79EFBC}") = "BinOutCheckCommandLine", "BinOutCheckCommandLine\BinOutCheckCommandLine.csproj", "{8B5A3E08-7412-4D2F-AFFA-F81279E9BC2E}"
EndProject
Project("{2150E333-8FDC-42A3-9474-1A3956D46DE8}") = "CommandLines", "CommandLines", "{4AC7B04C-3F64-4913-B72F-7CE97C25010A}"
EndProject
Project("{FAE04EC0-301F-11D3-BF4B-00C04F79EFBC}") = "ErrorHandlerCommandLine", "ErrorHandlerCommandLine\ErrorHandlerCommandLine.csproj", "{F36A7EB1-D65F-4A94-8ADA-BE0C356B61B4}"
EndProject
Project("{FAE04EC0-301F-11D3-BF4B-00C04F79EFBC}") = "OTPFileComparison", "OTPFileComparison\OTPFileComparison.csproj", "{F003928A-C2E1-45CC-AC00-88DFB94CB325}"
EndProject
Project("{FAE04EC0-301F-11D3-BF4B-00C04F79EFBC}") = "VBTPOPGenPreCheckBusiness", "VBTPOPGenPreCheckBusiness\VBTPOPGenPreCheckBusiness.csproj", "{ADEFF7BD-562A-4502-9A93-C9C02416929A}"
EndProject
Project("{FAE04EC0-301F-11D3-BF4B-00C04F79EFBC}") = "DatalogComparatorCommandLine", "DatalogComparatorCommandLine\DatalogComparatorCommandLine.csproj", "{019B9E9F-9BCA-4314-8E09-4D0C68EAA9CF}"
EndProject
Project("{FAE04EC0-301F-11D3-BF4B-00C04F79EFBC}") = "AlarmChekc", "AlarmChekc\AlarmChekc.csproj", "{6BE11ACE-82E2-4E02-9B9F-9F0B656038FA}"
EndProject
Global
	GlobalSection(SolutionConfigurationPlatforms) = preSolution
		Debug|Any CPU = Debug|Any CPU
		Debug|x64 = Debug|x64
		Debug|x86 = Debug|x86
		DevTest|Any CPU = DevTest|Any CPU
		DevTest|x64 = DevTest|x64
		DevTest|x86 = DevTest|x86
		Release|Any CPU = Release|Any CPU
		Release|x64 = Release|x64
		Release|x86 = Release|x86
	EndGlobalSection
	GlobalSection(ProjectConfigurationPlatforms) = postSolution
		{3C003A9C-6D20-42C6-AAEA-C15821A571B4}.Debug|Any CPU.ActiveCfg = Debug|Any CPU
		{3C003A9C-6D20-42C6-AAEA-C15821A571B4}.Debug|Any CPU.Build.0 = Debug|Any CPU
		{3C003A9C-6D20-42C6-AAEA-C15821A571B4}.Debug|x64.ActiveCfg = Debug|Any CPU
		{3C003A9C-6D20-42C6-AAEA-C15821A571B4}.Debug|x64.Build.0 = Debug|Any CPU
		{3C003A9C-6D20-42C6-AAEA-C15821A571B4}.Debug|x86.ActiveCfg = Debug|Any CPU
		{3C003A9C-6D20-42C6-AAEA-C15821A571B4}.Debug|x86.Build.0 = Debug|Any CPU
		{3C003A9C-6D20-42C6-AAEA-C15821A571B4}.DevTest|Any CPU.ActiveCfg = Debug|Any CPU
		{3C003A9C-6D20-42C6-AAEA-C15821A571B4}.DevTest|Any CPU.Build.0 = Debug|Any CPU
		{3C003A9C-6D20-42C6-AAEA-C15821A571B4}.DevTest|x64.ActiveCfg = Debug|Any CPU
		{3C003A9C-6D20-42C6-AAEA-C15821A571B4}.DevTest|x64.Build.0 = Debug|Any CPU
		{3C003A9C-6D20-42C6-AAEA-C15821A571B4}.DevTest|x86.ActiveCfg = Debug|Any CPU
		{3C003A9C-6D20-42C6-AAEA-C15821A571B4}.DevTest|x86.Build.0 = Debug|Any CPU
		{3C003A9C-6D20-42C6-AAEA-C15821A571B4}.Release|Any CPU.ActiveCfg = Release|Any CPU
		{3C003A9C-6D20-42C6-AAEA-C15821A571B4}.Release|Any CPU.Build.0 = Release|Any CPU
		{3C003A9C-6D20-42C6-AAEA-C15821A571B4}.Release|x64.ActiveCfg = Release|Any CPU
		{3C003A9C-6D20-42C6-AAEA-C15821A571B4}.Release|x64.Build.0 = Release|Any CPU
		{3C003A9C-6D20-42C6-AAEA-C15821A571B4}.Release|x86.ActiveCfg = Release|Any CPU
		{3C003A9C-6D20-42C6-AAEA-C15821A571B4}.Release|x86.Build.0 = Release|Any CPU
		{7245B663-677C-4445-BAD5-36AF145959FD}.Debug|Any CPU.ActiveCfg = Debug|Any CPU
		{7245B663-677C-4445-BAD5-36AF145959FD}.Debug|Any CPU.Build.0 = Debug|Any CPU
		{7245B663-677C-4445-BAD5-36AF145959FD}.Debug|x64.ActiveCfg = Debug|Any CPU
		{7245B663-677C-4445-BAD5-36AF145959FD}.Debug|x64.Build.0 = Debug|Any CPU
		{7245B663-677C-4445-BAD5-36AF145959FD}.Debug|x86.ActiveCfg = Debug|Any CPU
		{7245B663-677C-4445-BAD5-36AF145959FD}.Debug|x86.Build.0 = Debug|Any CPU
		{7245B663-677C-4445-BAD5-36AF145959FD}.DevTest|Any CPU.ActiveCfg = Debug|Any CPU
		{7245B663-677C-4445-BAD5-36AF145959FD}.DevTest|Any CPU.Build.0 = Debug|Any CPU
		{7245B663-677C-4445-BAD5-36AF145959FD}.DevTest|x64.ActiveCfg = Debug|Any CPU
		{7245B663-677C-4445-BAD5-36AF145959FD}.DevTest|x64.Build.0 = Debug|Any CPU
		{7245B663-677C-4445-BAD5-36AF145959FD}.DevTest|x86.ActiveCfg = Debug|Any CPU
		{7245B663-677C-4445-BAD5-36AF145959FD}.DevTest|x86.Build.0 = Debug|Any CPU
		{7245B663-677C-4445-BAD5-36AF145959FD}.Release|Any CPU.ActiveCfg = Release|Any CPU
		{7245B663-677C-4445-BAD5-36AF145959FD}.Release|Any CPU.Build.0 = Release|Any CPU
		{7245B663-677C-4445-BAD5-36AF145959FD}.Release|x64.ActiveCfg = Release|Any CPU
		{7245B663-677C-4445-BAD5-36AF145959FD}.Release|x64.Build.0 = Release|Any CPU
		{7245B663-677C-4445-BAD5-36AF145959FD}.Release|x86.ActiveCfg = Release|Any CPU
		{7245B663-677C-4445-BAD5-36AF145959FD}.Release|x86.Build.0 = Release|Any CPU
		{195599DC-5B9F-4F35-971B-BD475F55FDE6}.Debug|Any CPU.ActiveCfg = Debug|Any CPU
		{195599DC-5B9F-4F35-971B-BD475F55FDE6}.Debug|Any CPU.Build.0 = Debug|Any CPU
		{195599DC-5B9F-4F35-971B-BD475F55FDE6}.Debug|x64.ActiveCfg = Debug|Any CPU
		{195599DC-5B9F-4F35-971B-BD475F55FDE6}.Debug|x64.Build.0 = Debug|Any CPU
		{195599DC-5B9F-4F35-971B-BD475F55FDE6}.Debug|x86.ActiveCfg = Debug|Any CPU
		{195599DC-5B9F-4F35-971B-BD475F55FDE6}.Debug|x86.Build.0 = Debug|Any CPU
		{195599DC-5B9F-4F35-971B-BD475F55FDE6}.DevTest|Any CPU.ActiveCfg = Debug|Any CPU
		{195599DC-5B9F-4F35-971B-BD475F55FDE6}.DevTest|Any CPU.Build.0 = Debug|Any CPU
		{195599DC-5B9F-4F35-971B-BD475F55FDE6}.DevTest|x64.ActiveCfg = Debug|Any CPU
		{195599DC-5B9F-4F35-971B-BD475F55FDE6}.DevTest|x64.Build.0 = Debug|Any CPU
		{195599DC-5B9F-4F35-971B-BD475F55FDE6}.DevTest|x86.ActiveCfg = Debug|Any CPU
		{195599DC-5B9F-4F35-971B-BD475F55FDE6}.DevTest|x86.Build.0 = Debug|Any CPU
		{195599DC-5B9F-4F35-971B-BD475F55FDE6}.Release|Any CPU.ActiveCfg = Release|Any CPU
		{195599DC-5B9F-4F35-971B-BD475F55FDE6}.Release|Any CPU.Build.0 = Release|Any CPU
		{195599DC-5B9F-4F35-971B-BD475F55FDE6}.Release|x64.ActiveCfg = Release|Any CPU
		{195599DC-5B9F-4F35-971B-BD475F55FDE6}.Release|x64.Build.0 = Release|Any CPU
		{195599DC-5B9F-4F35-971B-BD475F55FDE6}.Release|x86.ActiveCfg = Release|Any CPU
		{195599DC-5B9F-4F35-971B-BD475F55FDE6}.Release|x86.Build.0 = Release|Any CPU
		{81598C48-1826-4D68-AEF7-B03259E03163}.Debug|Any CPU.ActiveCfg = Debug|Any CPU
		{81598C48-1826-4D68-AEF7-B03259E03163}.Debug|Any CPU.Build.0 = Debug|Any CPU
		{81598C48-1826-4D68-AEF7-B03259E03163}.Debug|x64.ActiveCfg = Debug|Any CPU
		{81598C48-1826-4D68-AEF7-B03259E03163}.Debug|x64.Build.0 = Debug|Any CPU
		{81598C48-1826-4D68-AEF7-B03259E03163}.Debug|x86.ActiveCfg = Debug|Any CPU
		{81598C48-1826-4D68-AEF7-B03259E03163}.Debug|x86.Build.0 = Debug|Any CPU
		{81598C48-1826-4D68-AEF7-B03259E03163}.DevTest|Any CPU.ActiveCfg = Debug|Any CPU
		{81598C48-1826-4D68-AEF7-B03259E03163}.DevTest|Any CPU.Build.0 = Debug|Any CPU
		{81598C48-1826-4D68-AEF7-B03259E03163}.DevTest|x64.ActiveCfg = Debug|Any CPU
		{81598C48-1826-4D68-AEF7-B03259E03163}.DevTest|x64.Build.0 = Debug|Any CPU
		{81598C48-1826-4D68-AEF7-B03259E03163}.DevTest|x86.ActiveCfg = Debug|Any CPU
		{81598C48-1826-4D68-AEF7-B03259E03163}.DevTest|x86.Build.0 = Debug|Any CPU
		{81598C48-1826-4D68-AEF7-B03259E03163}.Release|Any CPU.ActiveCfg = Release|Any CPU
		{81598C48-1826-4D68-AEF7-B03259E03163}.Release|Any CPU.Build.0 = Release|Any CPU
		{81598C48-1826-4D68-AEF7-B03259E03163}.Release|x64.ActiveCfg = Release|Any CPU
		{81598C48-1826-4D68-AEF7-B03259E03163}.Release|x64.Build.0 = Release|Any CPU
		{81598C48-1826-4D68-AEF7-B03259E03163}.Release|x86.ActiveCfg = Release|Any CPU
		{81598C48-1826-4D68-AEF7-B03259E03163}.Release|x86.Build.0 = Release|Any CPU
		{CDD57F77-A046-40A5-B5AF-C9F5F51D4DAC}.Debug|Any CPU.ActiveCfg = Debug|Any CPU
		{CDD57F77-A046-40A5-B5AF-C9F5F51D4DAC}.Debug|Any CPU.Build.0 = Debug|Any CPU
		{CDD57F77-A046-40A5-B5AF-C9F5F51D4DAC}.Debug|x64.ActiveCfg = Debug|Any CPU
		{CDD57F77-A046-40A5-B5AF-C9F5F51D4DAC}.Debug|x64.Build.0 = Debug|Any CPU
		{CDD57F77-A046-40A5-B5AF-C9F5F51D4DAC}.Debug|x86.ActiveCfg = Debug|Any CPU
		{CDD57F77-A046-40A5-B5AF-C9F5F51D4DAC}.Debug|x86.Build.0 = Debug|Any CPU
		{CDD57F77-A046-40A5-B5AF-C9F5F51D4DAC}.DevTest|Any CPU.ActiveCfg = Debug|Any CPU
		{CDD57F77-A046-40A5-B5AF-C9F5F51D4DAC}.DevTest|Any CPU.Build.0 = Debug|Any CPU
		{CDD57F77-A046-40A5-B5AF-C9F5F51D4DAC}.DevTest|x64.ActiveCfg = Debug|Any CPU
		{CDD57F77-A046-40A5-B5AF-C9F5F51D4DAC}.DevTest|x64.Build.0 = Debug|Any CPU
		{CDD57F77-A046-40A5-B5AF-C9F5F51D4DAC}.DevTest|x86.ActiveCfg = Debug|Any CPU
		{CDD57F77-A046-40A5-B5AF-C9F5F51D4DAC}.DevTest|x86.Build.0 = Debug|Any CPU
		{CDD57F77-A046-40A5-B5AF-C9F5F51D4DAC}.Release|Any CPU.ActiveCfg = Release|Any CPU
		{CDD57F77-A046-40A5-B5AF-C9F5F51D4DAC}.Release|Any CPU.Build.0 = Release|Any CPU
		{CDD57F77-A046-40A5-B5AF-C9F5F51D4DAC}.Release|x64.ActiveCfg = Release|Any CPU
		{CDD57F77-A046-40A5-B5AF-C9F5F51D4DAC}.Release|x64.Build.0 = Release|Any CPU
		{CDD57F77-A046-40A5-B5AF-C9F5F51D4DAC}.Release|x86.ActiveCfg = Release|Any CPU
		{CDD57F77-A046-40A5-B5AF-C9F5F51D4DAC}.Release|x86.Build.0 = Release|Any CPU
		{B93B1782-C35E-4680-85A7-9E651502925C}.Debug|Any CPU.ActiveCfg = Debug|Any CPU
		{B93B1782-C35E-4680-85A7-9E651502925C}.Debug|Any CPU.Build.0 = Debug|Any CPU
		{B93B1782-C35E-4680-85A7-9E651502925C}.Debug|x64.ActiveCfg = Debug|Any CPU
		{B93B1782-C35E-4680-85A7-9E651502925C}.Debug|x64.Build.0 = Debug|Any CPU
		{B93B1782-C35E-4680-85A7-9E651502925C}.Debug|x86.ActiveCfg = Debug|Any CPU
		{B93B1782-C35E-4680-85A7-9E651502925C}.Debug|x86.Build.0 = Debug|Any CPU
		{B93B1782-C35E-4680-85A7-9E651502925C}.DevTest|Any CPU.ActiveCfg = Debug|Any CPU
		{B93B1782-C35E-4680-85A7-9E651502925C}.DevTest|Any CPU.Build.0 = Debug|Any CPU
		{B93B1782-C35E-4680-85A7-9E651502925C}.DevTest|x64.ActiveCfg = Debug|Any CPU
		{B93B1782-C35E-4680-85A7-9E651502925C}.DevTest|x64.Build.0 = Debug|Any CPU
		{B93B1782-C35E-4680-85A7-9E651502925C}.DevTest|x86.ActiveCfg = Debug|Any CPU
		{B93B1782-C35E-4680-85A7-9E651502925C}.DevTest|x86.Build.0 = Debug|Any CPU
		{B93B1782-C35E-4680-85A7-9E651502925C}.Release|Any CPU.ActiveCfg = Release|Any CPU
		{B93B1782-C35E-4680-85A7-9E651502925C}.Release|Any CPU.Build.0 = Release|Any CPU
		{B93B1782-C35E-4680-85A7-9E651502925C}.Release|x64.ActiveCfg = Release|Any CPU
		{B93B1782-C35E-4680-85A7-9E651502925C}.Release|x64.Build.0 = Release|Any CPU
		{B93B1782-C35E-4680-85A7-9E651502925C}.Release|x86.ActiveCfg = Release|Any CPU
		{B93B1782-C35E-4680-85A7-9E651502925C}.Release|x86.Build.0 = Release|Any CPU
		{8EEAD19D-EAD8-4A6D-819C-AC47B59A08F1}.Debug|Any CPU.ActiveCfg = Debug|Any CPU
		{8EEAD19D-EAD8-4A6D-819C-AC47B59A08F1}.Debug|Any CPU.Build.0 = Debug|Any CPU
		{8EEAD19D-EAD8-4A6D-819C-AC47B59A08F1}.Debug|x64.ActiveCfg = Debug|x64
		{8EEAD19D-EAD8-4A6D-819C-AC47B59A08F1}.Debug|x64.Build.0 = Debug|x64
		{8EEAD19D-EAD8-4A6D-819C-AC47B59A08F1}.Debug|x86.ActiveCfg = Debug|x86
		{8EEAD19D-EAD8-4A6D-819C-AC47B59A08F1}.Debug|x86.Build.0 = Debug|x86
		{8EEAD19D-EAD8-4A6D-819C-AC47B59A08F1}.DevTest|Any CPU.ActiveCfg = Debug|Any CPU
		{8EEAD19D-EAD8-4A6D-819C-AC47B59A08F1}.DevTest|Any CPU.Build.0 = Debug|Any CPU
		{8EEAD19D-EAD8-4A6D-819C-AC47B59A08F1}.DevTest|x64.ActiveCfg = Debug|x64
		{8EEAD19D-EAD8-4A6D-819C-AC47B59A08F1}.DevTest|x64.Build.0 = Debug|x64
		{8EEAD19D-EAD8-4A6D-819C-AC47B59A08F1}.DevTest|x86.ActiveCfg = Debug|x86
		{8EEAD19D-EAD8-4A6D-819C-AC47B59A08F1}.DevTest|x86.Build.0 = Debug|x86
		{8EEAD19D-EAD8-4A6D-819C-AC47B59A08F1}.Release|Any CPU.ActiveCfg = Release|Any CPU
		{8EEAD19D-EAD8-4A6D-819C-AC47B59A08F1}.Release|Any CPU.Build.0 = Release|Any CPU
		{8EEAD19D-EAD8-4A6D-819C-AC47B59A08F1}.Release|x64.ActiveCfg = Release|x64
		{8EEAD19D-EAD8-4A6D-819C-AC47B59A08F1}.Release|x64.Build.0 = Release|x64
		{8EEAD19D-EAD8-4A6D-819C-AC47B59A08F1}.Release|x86.ActiveCfg = Release|x86
		{8EEAD19D-EAD8-4A6D-819C-AC47B59A08F1}.Release|x86.Build.0 = Release|x86
		{370053C7-7EED-423A-B22A-8298299110B2}.Debug|Any CPU.ActiveCfg = Debug|Any CPU
		{370053C7-7EED-423A-B22A-8298299110B2}.Debug|Any CPU.Build.0 = Debug|Any CPU
		{370053C7-7EED-423A-B22A-8298299110B2}.Debug|x64.ActiveCfg = Debug|x64
		{370053C7-7EED-423A-B22A-8298299110B2}.Debug|x64.Build.0 = Debug|x64
		{370053C7-7EED-423A-B22A-8298299110B2}.Debug|x86.ActiveCfg = Debug|Any CPU
		{370053C7-7EED-423A-B22A-8298299110B2}.Debug|x86.Build.0 = Debug|Any CPU
		{370053C7-7EED-423A-B22A-8298299110B2}.DevTest|Any CPU.ActiveCfg = Debug|Any CPU
		{370053C7-7EED-423A-B22A-8298299110B2}.DevTest|Any CPU.Build.0 = Debug|Any CPU
		{370053C7-7EED-423A-B22A-8298299110B2}.DevTest|x64.ActiveCfg = Debug|x64
		{370053C7-7EED-423A-B22A-8298299110B2}.DevTest|x64.Build.0 = Debug|x64
		{370053C7-7EED-423A-B22A-8298299110B2}.DevTest|x86.ActiveCfg = Debug|Any CPU
		{370053C7-7EED-423A-B22A-8298299110B2}.DevTest|x86.Build.0 = Debug|Any CPU
		{370053C7-7EED-423A-B22A-8298299110B2}.Release|Any CPU.ActiveCfg = Release|Any CPU
		{370053C7-7EED-423A-B22A-8298299110B2}.Release|Any CPU.Build.0 = Release|Any CPU
		{370053C7-7EED-423A-B22A-8298299110B2}.Release|x64.ActiveCfg = Release|x64
		{370053C7-7EED-423A-B22A-8298299110B2}.Release|x64.Build.0 = Release|x64
		{370053C7-7EED-423A-B22A-8298299110B2}.Release|x86.ActiveCfg = Release|Any CPU
		{370053C7-7EED-423A-B22A-8298299110B2}.Release|x86.Build.0 = Release|Any CPU
		{69F436BB-F1A3-4E4E-B00E-98832D73ED1C}.Debug|Any CPU.ActiveCfg = Debug|Any CPU
		{69F436BB-F1A3-4E4E-B00E-98832D73ED1C}.Debug|Any CPU.Build.0 = Debug|Any CPU
		{69F436BB-F1A3-4E4E-B00E-98832D73ED1C}.Debug|x64.ActiveCfg = Debug|Any CPU
		{69F436BB-F1A3-4E4E-B00E-98832D73ED1C}.Debug|x64.Build.0 = Debug|Any CPU
		{69F436BB-F1A3-4E4E-B00E-98832D73ED1C}.Debug|x86.ActiveCfg = Debug|Any CPU
		{69F436BB-F1A3-4E4E-B00E-98832D73ED1C}.Debug|x86.Build.0 = Debug|Any CPU
		{69F436BB-F1A3-4E4E-B00E-98832D73ED1C}.DevTest|Any CPU.ActiveCfg = Debug|Any CPU
		{69F436BB-F1A3-4E4E-B00E-98832D73ED1C}.DevTest|Any CPU.Build.0 = Debug|Any CPU
		{69F436BB-F1A3-4E4E-B00E-98832D73ED1C}.DevTest|x64.ActiveCfg = Debug|Any CPU
		{69F436BB-F1A3-4E4E-B00E-98832D73ED1C}.DevTest|x64.Build.0 = Debug|Any CPU
		{69F436BB-F1A3-4E4E-B00E-98832D73ED1C}.DevTest|x86.ActiveCfg = Debug|Any CPU
		{69F436BB-F1A3-4E4E-B00E-98832D73ED1C}.DevTest|x86.Build.0 = Debug|Any CPU
		{69F436BB-F1A3-4E4E-B00E-98832D73ED1C}.Release|Any CPU.ActiveCfg = Release|Any CPU
		{69F436BB-F1A3-4E4E-B00E-98832D73ED1C}.Release|Any CPU.Build.0 = Release|Any CPU
		{69F436BB-F1A3-4E4E-B00E-98832D73ED1C}.Release|x64.ActiveCfg = Release|Any CPU
		{69F436BB-F1A3-4E4E-B00E-98832D73ED1C}.Release|x64.Build.0 = Release|Any CPU
		{69F436BB-F1A3-4E4E-B00E-98832D73ED1C}.Release|x86.ActiveCfg = Release|Any CPU
		{69F436BB-F1A3-4E4E-B00E-98832D73ED1C}.Release|x86.Build.0 = Release|Any CPU
		{D50484DF-85E8-4570-88A4-7DBBCACD554D}.Debug|Any CPU.ActiveCfg = Debug|Any CPU
		{D50484DF-85E8-4570-88A4-7DBBCACD554D}.Debug|Any CPU.Build.0 = Debug|Any CPU
		{D50484DF-85E8-4570-88A4-7DBBCACD554D}.Debug|x64.ActiveCfg = Debug|Any CPU
		{D50484DF-85E8-4570-88A4-7DBBCACD554D}.Debug|x64.Build.0 = Debug|Any CPU
		{D50484DF-85E8-4570-88A4-7DBBCACD554D}.Debug|x86.ActiveCfg = Debug|Any CPU
		{D50484DF-85E8-4570-88A4-7DBBCACD554D}.Debug|x86.Build.0 = Debug|Any CPU
		{D50484DF-85E8-4570-88A4-7DBBCACD554D}.DevTest|Any CPU.ActiveCfg = Debug|Any CPU
		{D50484DF-85E8-4570-88A4-7DBBCACD554D}.DevTest|Any CPU.Build.0 = Debug|Any CPU
		{D50484DF-85E8-4570-88A4-7DBBCACD554D}.DevTest|x64.ActiveCfg = Debug|Any CPU
		{D50484DF-85E8-4570-88A4-7DBBCACD554D}.DevTest|x64.Build.0 = Debug|Any CPU
		{D50484DF-85E8-4570-88A4-7DBBCACD554D}.DevTest|x86.ActiveCfg = Debug|Any CPU
		{D50484DF-85E8-4570-88A4-7DBBCACD554D}.DevTest|x86.Build.0 = Debug|Any CPU
		{D50484DF-85E8-4570-88A4-7DBBCACD554D}.Release|Any CPU.ActiveCfg = Release|Any CPU
		{D50484DF-85E8-4570-88A4-7DBBCACD554D}.Release|Any CPU.Build.0 = Release|Any CPU
		{D50484DF-85E8-4570-88A4-7DBBCACD554D}.Release|x64.ActiveCfg = Release|Any CPU
		{D50484DF-85E8-4570-88A4-7DBBCACD554D}.Release|x64.Build.0 = Release|Any CPU
		{D50484DF-85E8-4570-88A4-7DBBCACD554D}.Release|x86.ActiveCfg = Release|Any CPU
		{D50484DF-85E8-4570-88A4-7DBBCACD554D}.Release|x86.Build.0 = Release|Any CPU
		{13E25055-41F1-4582-AC81-76C3DA36C1B2}.Debug|Any CPU.ActiveCfg = Debug|Any CPU
		{13E25055-41F1-4582-AC81-76C3DA36C1B2}.Debug|Any CPU.Build.0 = Debug|Any CPU
		{13E25055-41F1-4582-AC81-76C3DA36C1B2}.Debug|x64.ActiveCfg = Debug|Any CPU
		{13E25055-41F1-4582-AC81-76C3DA36C1B2}.Debug|x64.Build.0 = Debug|Any CPU
		{13E25055-41F1-4582-AC81-76C3DA36C1B2}.Debug|x86.ActiveCfg = Debug|Any CPU
		{13E25055-41F1-4582-AC81-76C3DA36C1B2}.Debug|x86.Build.0 = Debug|Any CPU
		{13E25055-41F1-4582-AC81-76C3DA36C1B2}.DevTest|Any CPU.ActiveCfg = Debug|Any CPU
		{13E25055-41F1-4582-AC81-76C3DA36C1B2}.DevTest|Any CPU.Build.0 = Debug|Any CPU
		{13E25055-41F1-4582-AC81-76C3DA36C1B2}.DevTest|x64.ActiveCfg = Debug|Any CPU
		{13E25055-41F1-4582-AC81-76C3DA36C1B2}.DevTest|x64.Build.0 = Debug|Any CPU
		{13E25055-41F1-4582-AC81-76C3DA36C1B2}.DevTest|x86.ActiveCfg = Debug|Any CPU
		{13E25055-41F1-4582-AC81-76C3DA36C1B2}.DevTest|x86.Build.0 = Debug|Any CPU
		{13E25055-41F1-4582-AC81-76C3DA36C1B2}.Release|Any CPU.ActiveCfg = Release|Any CPU
		{13E25055-41F1-4582-AC81-76C3DA36C1B2}.Release|Any CPU.Build.0 = Release|Any CPU
		{13E25055-41F1-4582-AC81-76C3DA36C1B2}.Release|x64.ActiveCfg = Release|Any CPU
		{13E25055-41F1-4582-AC81-76C3DA36C1B2}.Release|x64.Build.0 = Release|Any CPU
		{13E25055-41F1-4582-AC81-76C3DA36C1B2}.Release|x86.ActiveCfg = Release|Any CPU
		{13E25055-41F1-4582-AC81-76C3DA36C1B2}.Release|x86.Build.0 = Release|Any CPU
		{8B5A3E08-7412-4D2F-AFFA-F81279E9BC2E}.Debug|Any CPU.ActiveCfg = Debug|Any CPU
		{8B5A3E08-7412-4D2F-AFFA-F81279E9BC2E}.Debug|Any CPU.Build.0 = Debug|Any CPU
		{8B5A3E08-7412-4D2F-AFFA-F81279E9BC2E}.Debug|x64.ActiveCfg = Debug|Any CPU
		{8B5A3E08-7412-4D2F-AFFA-F81279E9BC2E}.Debug|x64.Build.0 = Debug|Any CPU
		{8B5A3E08-7412-4D2F-AFFA-F81279E9BC2E}.Debug|x86.ActiveCfg = Debug|Any CPU
		{8B5A3E08-7412-4D2F-AFFA-F81279E9BC2E}.Debug|x86.Build.0 = Debug|Any CPU
		{8B5A3E08-7412-4D2F-AFFA-F81279E9BC2E}.DevTest|Any CPU.ActiveCfg = Debug|Any CPU
		{8B5A3E08-7412-4D2F-AFFA-F81279E9BC2E}.DevTest|Any CPU.Build.0 = Debug|Any CPU
		{8B5A3E08-7412-4D2F-AFFA-F81279E9BC2E}.DevTest|x64.ActiveCfg = Debug|Any CPU
		{8B5A3E08-7412-4D2F-AFFA-F81279E9BC2E}.DevTest|x64.Build.0 = Debug|Any CPU
		{8B5A3E08-7412-4D2F-AFFA-F81279E9BC2E}.DevTest|x86.ActiveCfg = Debug|Any CPU
		{8B5A3E08-7412-4D2F-AFFA-F81279E9BC2E}.DevTest|x86.Build.0 = Debug|Any CPU
		{8B5A3E08-7412-4D2F-AFFA-F81279E9BC2E}.Release|Any CPU.ActiveCfg = Release|Any CPU
		{8B5A3E08-7412-4D2F-AFFA-F81279E9BC2E}.Release|Any CPU.Build.0 = Release|Any CPU
		{8B5A3E08-7412-4D2F-AFFA-F81279E9BC2E}.Release|x64.ActiveCfg = Release|Any CPU
		{8B5A3E08-7412-4D2F-AFFA-F81279E9BC2E}.Release|x64.Build.0 = Release|Any CPU
		{8B5A3E08-7412-4D2F-AFFA-F81279E9BC2E}.Release|x86.ActiveCfg = Release|Any CPU
		{8B5A3E08-7412-4D2F-AFFA-F81279E9BC2E}.Release|x86.Build.0 = Release|Any CPU
		{F36A7EB1-D65F-4A94-8ADA-BE0C356B61B4}.Debug|Any CPU.ActiveCfg = Debug|Any CPU
		{F36A7EB1-D65F-4A94-8ADA-BE0C356B61B4}.Debug|Any CPU.Build.0 = Debug|Any CPU
		{F36A7EB1-D65F-4A94-8ADA-BE0C356B61B4}.Debug|x64.ActiveCfg = Debug|Any CPU
		{F36A7EB1-D65F-4A94-8ADA-BE0C356B61B4}.Debug|x64.Build.0 = Debug|Any CPU
		{F36A7EB1-D65F-4A94-8ADA-BE0C356B61B4}.Debug|x86.ActiveCfg = Debug|Any CPU
		{F36A7EB1-D65F-4A94-8ADA-BE0C356B61B4}.Debug|x86.Build.0 = Debug|Any CPU
		{F36A7EB1-D65F-4A94-8ADA-BE0C356B61B4}.DevTest|Any CPU.ActiveCfg = Debug|Any CPU
		{F36A7EB1-D65F-4A94-8ADA-BE0C356B61B4}.DevTest|Any CPU.Build.0 = Debug|Any CPU
		{F36A7EB1-D65F-4A94-8ADA-BE0C356B61B4}.DevTest|x64.ActiveCfg = Debug|Any CPU
		{F36A7EB1-D65F-4A94-8ADA-BE0C356B61B4}.DevTest|x64.Build.0 = Debug|Any CPU
		{F36A7EB1-D65F-4A94-8ADA-BE0C356B61B4}.DevTest|x86.ActiveCfg = Debug|Any CPU
		{F36A7EB1-D65F-4A94-8ADA-BE0C356B61B4}.DevTest|x86.Build.0 = Debug|Any CPU
		{F36A7EB1-D65F-4A94-8ADA-BE0C356B61B4}.Release|Any CPU.ActiveCfg = Release|Any CPU
		{F36A7EB1-D65F-4A94-8ADA-BE0C356B61B4}.Release|Any CPU.Build.0 = Release|Any CPU
		{F36A7EB1-D65F-4A94-8ADA-BE0C356B61B4}.Release|x64.ActiveCfg = Release|Any CPU
		{F36A7EB1-D65F-4A94-8ADA-BE0C356B61B4}.Release|x64.Build.0 = Release|Any CPU
		{F36A7EB1-D65F-4A94-8ADA-BE0C356B61B4}.Release|x86.ActiveCfg = Release|Any CPU
		{F36A7EB1-D65F-4A94-8ADA-BE0C356B61B4}.Release|x86.Build.0 = Release|Any CPU
		{F003928A-C2E1-45CC-AC00-88DFB94CB325}.Debug|Any CPU.ActiveCfg = Debug|Any CPU
		{F003928A-C2E1-45CC-AC00-88DFB94CB325}.Debug|Any CPU.Build.0 = Debug|Any CPU
		{F003928A-C2E1-45CC-AC00-88DFB94CB325}.Debug|x64.ActiveCfg = Debug|Any CPU
		{F003928A-C2E1-45CC-AC00-88DFB94CB325}.Debug|x64.Build.0 = Debug|Any CPU
		{F003928A-C2E1-45CC-AC00-88DFB94CB325}.Debug|x86.ActiveCfg = Debug|Any CPU
		{F003928A-C2E1-45CC-AC00-88DFB94CB325}.Debug|x86.Build.0 = Debug|Any CPU
		{F003928A-C2E1-45CC-AC00-88DFB94CB325}.DevTest|Any CPU.ActiveCfg = Debug|Any CPU
		{F003928A-C2E1-45CC-AC00-88DFB94CB325}.DevTest|Any CPU.Build.0 = Debug|Any CPU
		{F003928A-C2E1-45CC-AC00-88DFB94CB325}.DevTest|x64.ActiveCfg = Debug|Any CPU
		{F003928A-C2E1-45CC-AC00-88DFB94CB325}.DevTest|x64.Build.0 = Debug|Any CPU
		{F003928A-C2E1-45CC-AC00-88DFB94CB325}.DevTest|x86.ActiveCfg = Debug|Any CPU
		{F003928A-C2E1-45CC-AC00-88DFB94CB325}.DevTest|x86.Build.0 = Debug|Any CPU
		{F003928A-C2E1-45CC-AC00-88DFB94CB325}.Release|Any CPU.ActiveCfg = Release|Any CPU
		{F003928A-C2E1-45CC-AC00-88DFB94CB325}.Release|Any CPU.Build.0 = Release|Any CPU
		{F003928A-C2E1-45CC-AC00-88DFB94CB325}.Release|x64.ActiveCfg = Release|Any CPU
		{F003928A-C2E1-45CC-AC00-88DFB94CB325}.Release|x64.Build.0 = Release|Any CPU
		{F003928A-C2E1-45CC-AC00-88DFB94CB325}.Release|x86.ActiveCfg = Release|Any CPU
		{F003928A-C2E1-45CC-AC00-88DFB94CB325}.Release|x86.Build.0 = Release|Any CPU
		{ADEFF7BD-562A-4502-9A93-C9C02416929A}.Debug|Any CPU.ActiveCfg = Debug|Any CPU
		{ADEFF7BD-562A-4502-9A93-C9C02416929A}.Debug|Any CPU.Build.0 = Debug|Any CPU
		{ADEFF7BD-562A-4502-9A93-C9C02416929A}.Debug|x64.ActiveCfg = Debug|Any CPU
		{ADEFF7BD-562A-4502-9A93-C9C02416929A}.Debug|x64.Build.0 = Debug|Any CPU
		{ADEFF7BD-562A-4502-9A93-C9C02416929A}.Debug|x86.ActiveCfg = Debug|Any CPU
		{ADEFF7BD-562A-4502-9A93-C9C02416929A}.Debug|x86.Build.0 = Debug|Any CPU
		{ADEFF7BD-562A-4502-9A93-C9C02416929A}.DevTest|Any CPU.ActiveCfg = Debug|Any CPU
		{ADEFF7BD-562A-4502-9A93-C9C02416929A}.DevTest|Any CPU.Build.0 = Debug|Any CPU
		{ADEFF7BD-562A-4502-9A93-C9C02416929A}.DevTest|x64.ActiveCfg = Debug|Any CPU
		{ADEFF7BD-562A-4502-9A93-C9C02416929A}.DevTest|x64.Build.0 = Debug|Any CPU
		{ADEFF7BD-562A-4502-9A93-C9C02416929A}.DevTest|x86.ActiveCfg = Debug|Any CPU
		{ADEFF7BD-562A-4502-9A93-C9C02416929A}.DevTest|x86.Build.0 = Debug|Any CPU
		{ADEFF7BD-562A-4502-9A93-C9C02416929A}.Release|Any CPU.ActiveCfg = Release|Any CPU
		{ADEFF7BD-562A-4502-9A93-C9C02416929A}.Release|Any CPU.Build.0 = Release|Any CPU
		{ADEFF7BD-562A-4502-9A93-C9C02416929A}.Release|x64.ActiveCfg = Release|Any CPU
		{ADEFF7BD-562A-4502-9A93-C9C02416929A}.Release|x64.Build.0 = Release|Any CPU
		{ADEFF7BD-562A-4502-9A93-C9C02416929A}.Release|x86.ActiveCfg = Release|Any CPU
		{ADEFF7BD-562A-4502-9A93-C9C02416929A}.Release|x86.Build.0 = Release|Any CPU
		{019B9E9F-9BCA-4314-8E09-4D0C68EAA9CF}.Debug|Any CPU.ActiveCfg = Debug|Any CPU
		{019B9E9F-9BCA-4314-8E09-4D0C68EAA9CF}.Debug|Any CPU.Build.0 = Debug|Any CPU
		{019B9E9F-9BCA-4314-8E09-4D0C68EAA9CF}.Debug|x64.ActiveCfg = Debug|Any CPU
		{019B9E9F-9BCA-4314-8E09-4D0C68EAA9CF}.Debug|x64.Build.0 = Debug|Any CPU
		{019B9E9F-9BCA-4314-8E09-4D0C68EAA9CF}.Debug|x86.ActiveCfg = Debug|Any CPU
		{019B9E9F-9BCA-4314-8E09-4D0C68EAA9CF}.Debug|x86.Build.0 = Debug|Any CPU
		{019B9E9F-9BCA-4314-8E09-4D0C68EAA9CF}.DevTest|Any CPU.ActiveCfg = Debug|Any CPU
		{019B9E9F-9BCA-4314-8E09-4D0C68EAA9CF}.DevTest|Any CPU.Build.0 = Debug|Any CPU
		{019B9E9F-9BCA-4314-8E09-4D0C68EAA9CF}.DevTest|x64.ActiveCfg = Debug|Any CPU
		{019B9E9F-9BCA-4314-8E09-4D0C68EAA9CF}.DevTest|x64.Build.0 = Debug|Any CPU
		{019B9E9F-9BCA-4314-8E09-4D0C68EAA9CF}.DevTest|x86.ActiveCfg = Debug|Any CPU
		{019B9E9F-9BCA-4314-8E09-4D0C68EAA9CF}.DevTest|x86.Build.0 = Debug|Any CPU
		{019B9E9F-9BCA-4314-8E09-4D0C68EAA9CF}.Release|Any CPU.ActiveCfg = Release|Any CPU
		{019B9E9F-9BCA-4314-8E09-4D0C68EAA9CF}.Release|Any CPU.Build.0 = Release|Any CPU
		{019B9E9F-9BCA-4314-8E09-4D0C68EAA9CF}.Release|x64.ActiveCfg = Release|Any CPU
		{019B9E9F-9BCA-4314-8E09-4D0C68EAA9CF}.Release|x64.Build.0 = Release|Any CPU
		{019B9E9F-9BCA-4314-8E09-4D0C68EAA9CF}.Release|x86.ActiveCfg = Release|Any CPU
		{019B9E9F-9BCA-4314-8E09-4D0C68EAA9CF}.Release|x86.Build.0 = Release|Any CPU
		{6BE11ACE-82E2-4E02-9B9F-9F0B656038FA}.Debug|Any CPU.ActiveCfg = Debug|Any CPU
		{6BE11ACE-82E2-4E02-9B9F-9F0B656038FA}.Debug|Any CPU.Build.0 = Debug|Any CPU
		{6BE11ACE-82E2-4E02-9B9F-9F0B656038FA}.Debug|x64.ActiveCfg = Debug|Any CPU
		{6BE11ACE-82E2-4E02-9B9F-9F0B656038FA}.Debug|x64.Build.0 = Debug|Any CPU
		{6BE11ACE-82E2-4E02-9B9F-9F0B656038FA}.Debug|x86.ActiveCfg = Debug|Any CPU
		{6BE11ACE-82E2-4E02-9B9F-9F0B656038FA}.Debug|x86.Build.0 = Debug|Any CPU
		{6BE11ACE-82E2-4E02-9B9F-9F0B656038FA}.DevTest|Any CPU.ActiveCfg = Debug|Any CPU
		{6BE11ACE-82E2-4E02-9B9F-9F0B656038FA}.DevTest|Any CPU.Build.0 = Debug|Any CPU
		{6BE11ACE-82E2-4E02-9B9F-9F0B656038FA}.DevTest|x64.ActiveCfg = Debug|Any CPU
		{6BE11ACE-82E2-4E02-9B9F-9F0B656038FA}.DevTest|x64.Build.0 = Debug|Any CPU
		{6BE11ACE-82E2-4E02-9B9F-9F0B656038FA}.DevTest|x86.ActiveCfg = Debug|Any CPU
		{6BE11ACE-82E2-4E02-9B9F-9F0B656038FA}.DevTest|x86.Build.0 = Debug|Any CPU
		{6BE11ACE-82E2-4E02-9B9F-9F0B656038FA}.Release|Any CPU.ActiveCfg = Release|Any CPU
		{6BE11ACE-82E2-4E02-9B9F-9F0B656038FA}.Release|Any CPU.Build.0 = Release|Any CPU
		{6BE11ACE-82E2-4E02-9B9F-9F0B656038FA}.Release|x64.ActiveCfg = Release|Any CPU
		{6BE11ACE-82E2-4E02-9B9F-9F0B656038FA}.Release|x64.Build.0 = Release|Any CPU
		{6BE11ACE-82E2-4E02-9B9F-9F0B656038FA}.Release|x86.ActiveCfg = Release|Any CPU
		{6BE11ACE-82E2-4E02-9B9F-9F0B656038FA}.Release|x86.Build.0 = Release|Any CPU
	EndGlobalSection
	GlobalSection(SolutionProperties) = preSolution
		HideSolutionNode = FALSE
	EndGlobalSection
	GlobalSection(NestedProjects) = preSolution
		{8B5A3E08-7412-4D2F-AFFA-F81279E9BC2E} = {4AC7B04C-3F64-4913-B72F-7CE97C25010A}
		{F36A7EB1-D65F-4A94-8ADA-BE0C356B61B4} = {4AC7B04C-3F64-4913-B72F-7CE97C25010A}
		{019B9E9F-9BCA-4314-8E09-4D0C68EAA9CF} = {4AC7B04C-3F64-4913-B72F-7CE97C25010A}
	EndGlobalSection
	GlobalSection(ExtensibilityGlobals) = postSolution
		SolutionGuid = {26C27576-0C41-4714-AFE3-EDA004E6ADD7}
	EndGlobalSection
EndGlobal
