
Microsoft Visual Studio Solution File, Format Version 12.00
# Visual Studio 14
VisualStudioVersion = 14.0.23107.0
MinimumVisualStudioVersion = 10.0.40219.1
Project("{FAE04EC0-301F-11D3-BF4B-00C04F79EFBC}") = "PMICAutogenAddIn", "PMICAutogenAddIn\PMICAutogenAddIn.csproj", "{4D7617F4-6B73-4CA0-9480-6847AD9B8B38}"
EndProject
Project("{FAE04EC0-301F-11D3-BF4B-00C04F79EFBC}") = "AutomationCommon", "..\AutomationCommon\AutomationCommon.csproj", "{8EEAD19D-EAD8-4A6D-819C-AC47B59A08F1}"
EndProject
Project("{FAE04EC0-301F-11D3-BF4B-00C04F79EFBC}") = "IgxlData", "..\IgxlData\IgxlData.csproj", "{E1557014-BB6D-41BC-92F6-877002282CA1}"
EndProject
Project("{FAE04EC0-301F-11D3-BF4B-00C04F79EFBC}") = "PmicAutogen", "..\PmicAutogen\PmicAutogen.csproj", "{DB1A47E6-2AF2-457E-ACEE-B0B388128E9E}"
EndProject
Project("{FAE04EC0-301F-11D3-BF4B-00C04F79EFBC}") = "PmicAutogen.Test", "..\PmicAutogen.Test\PmicAutogen.Test.csproj", "{BEBD6B67-2523-46D4-B4A8-3994037E333A}"
EndProject
Project("{930C7802-8A8C-48F9-8165-68863BCCD9DD}") = "WixSetupProject", "WixSetupProject\WixSetupProject.wixproj", "{F4104095-E0BF-4E6D-9536-922F36269FCD}"
EndProject
Project("{54435603-DBB4-11D2-8724-00A0C9A8B90C}") = "WindowSetup", "WindowSetup\WindowSetup.vdproj", "{13B35551-F62B-4896-A934-09D9C6602EC9}"
EndProject
Project("{930C7802-8A8C-48F9-8165-68863BCCD9DD}") = "WixBootstrapper", "WixBootstrapper\WixBootstrapper.wixproj", "{866BCB6E-24FC-4F76-A498-FA090B959A1F}"
EndProject
Global
	GlobalSection(SolutionConfigurationPlatforms) = preSolution
		CD_ROM|Any CPU = CD_ROM|Any CPU
		CD_ROM|x86 = CD_ROM|x86
		Debug|Any CPU = Debug|Any CPU
		Debug|x86 = Debug|x86
		DVD-5|Any CPU = DVD-5|Any CPU
		DVD-5|x86 = DVD-5|x86
		Release|Any CPU = Release|Any CPU
		Release|x86 = Release|x86
		SingleImage|Any CPU = SingleImage|Any CPU
		SingleImage|x86 = SingleImage|x86
	EndGlobalSection
	GlobalSection(ProjectConfigurationPlatforms) = postSolution
		{4D7617F4-6B73-4CA0-9480-6847AD9B8B38}.CD_ROM|Any CPU.ActiveCfg = Release|Any CPU
		{4D7617F4-6B73-4CA0-9480-6847AD9B8B38}.CD_ROM|Any CPU.Build.0 = Release|Any CPU
		{4D7617F4-6B73-4CA0-9480-6847AD9B8B38}.CD_ROM|x86.ActiveCfg = Debug|Any CPU
		{4D7617F4-6B73-4CA0-9480-6847AD9B8B38}.CD_ROM|x86.Build.0 = Debug|Any CPU
		{4D7617F4-6B73-4CA0-9480-6847AD9B8B38}.Debug|Any CPU.ActiveCfg = Debug|Any CPU
		{4D7617F4-6B73-4CA0-9480-6847AD9B8B38}.Debug|Any CPU.Build.0 = Debug|Any CPU
		{4D7617F4-6B73-4CA0-9480-6847AD9B8B38}.Debug|x86.ActiveCfg = Debug|Any CPU
		{4D7617F4-6B73-4CA0-9480-6847AD9B8B38}.Debug|x86.Build.0 = Debug|Any CPU
		{4D7617F4-6B73-4CA0-9480-6847AD9B8B38}.DVD-5|Any CPU.ActiveCfg = Debug|Any CPU
		{4D7617F4-6B73-4CA0-9480-6847AD9B8B38}.DVD-5|Any CPU.Build.0 = Debug|Any CPU
		{4D7617F4-6B73-4CA0-9480-6847AD9B8B38}.DVD-5|x86.ActiveCfg = Debug|Any CPU
		{4D7617F4-6B73-4CA0-9480-6847AD9B8B38}.DVD-5|x86.Build.0 = Debug|Any CPU
		{4D7617F4-6B73-4CA0-9480-6847AD9B8B38}.Release|Any CPU.ActiveCfg = Release|Any CPU
		{4D7617F4-6B73-4CA0-9480-6847AD9B8B38}.Release|Any CPU.Build.0 = Release|Any CPU
		{4D7617F4-6B73-4CA0-9480-6847AD9B8B38}.Release|x86.ActiveCfg = Release|Any CPU
		{4D7617F4-6B73-4CA0-9480-6847AD9B8B38}.Release|x86.Build.0 = Release|Any CPU
		{4D7617F4-6B73-4CA0-9480-6847AD9B8B38}.SingleImage|Any CPU.ActiveCfg = Release|Any CPU
		{4D7617F4-6B73-4CA0-9480-6847AD9B8B38}.SingleImage|Any CPU.Build.0 = Release|Any CPU
		{4D7617F4-6B73-4CA0-9480-6847AD9B8B38}.SingleImage|x86.ActiveCfg = Debug|Any CPU
		{4D7617F4-6B73-4CA0-9480-6847AD9B8B38}.SingleImage|x86.Build.0 = Debug|Any CPU
		{8EEAD19D-EAD8-4A6D-819C-AC47B59A08F1}.CD_ROM|Any CPU.ActiveCfg = Release|Any CPU
		{8EEAD19D-EAD8-4A6D-819C-AC47B59A08F1}.CD_ROM|Any CPU.Build.0 = Release|Any CPU
		{8EEAD19D-EAD8-4A6D-819C-AC47B59A08F1}.CD_ROM|x86.ActiveCfg = Debug|Any CPU
		{8EEAD19D-EAD8-4A6D-819C-AC47B59A08F1}.CD_ROM|x86.Build.0 = Debug|Any CPU
		{8EEAD19D-EAD8-4A6D-819C-AC47B59A08F1}.Debug|Any CPU.ActiveCfg = Debug|Any CPU
		{8EEAD19D-EAD8-4A6D-819C-AC47B59A08F1}.Debug|Any CPU.Build.0 = Debug|Any CPU
		{8EEAD19D-EAD8-4A6D-819C-AC47B59A08F1}.Debug|x86.ActiveCfg = Debug|Any CPU
		{8EEAD19D-EAD8-4A6D-819C-AC47B59A08F1}.Debug|x86.Build.0 = Debug|Any CPU
		{8EEAD19D-EAD8-4A6D-819C-AC47B59A08F1}.DVD-5|Any CPU.ActiveCfg = Debug|Any CPU
		{8EEAD19D-EAD8-4A6D-819C-AC47B59A08F1}.DVD-5|Any CPU.Build.0 = Debug|Any CPU
		{8EEAD19D-EAD8-4A6D-819C-AC47B59A08F1}.DVD-5|x86.ActiveCfg = Debug|Any CPU
		{8EEAD19D-EAD8-4A6D-819C-AC47B59A08F1}.DVD-5|x86.Build.0 = Debug|Any CPU
		{8EEAD19D-EAD8-4A6D-819C-AC47B59A08F1}.Release|Any CPU.ActiveCfg = Release|Any CPU
		{8EEAD19D-EAD8-4A6D-819C-AC47B59A08F1}.Release|Any CPU.Build.0 = Release|Any CPU
		{8EEAD19D-EAD8-4A6D-819C-AC47B59A08F1}.Release|x86.ActiveCfg = Release|Any CPU
		{8EEAD19D-EAD8-4A6D-819C-AC47B59A08F1}.Release|x86.Build.0 = Release|Any CPU
		{8EEAD19D-EAD8-4A6D-819C-AC47B59A08F1}.SingleImage|Any CPU.ActiveCfg = Release|Any CPU
		{8EEAD19D-EAD8-4A6D-819C-AC47B59A08F1}.SingleImage|Any CPU.Build.0 = Release|Any CPU
		{8EEAD19D-EAD8-4A6D-819C-AC47B59A08F1}.SingleImage|x86.ActiveCfg = Debug|Any CPU
		{8EEAD19D-EAD8-4A6D-819C-AC47B59A08F1}.SingleImage|x86.Build.0 = Debug|Any CPU
		{E1557014-BB6D-41BC-92F6-877002282CA1}.CD_ROM|Any CPU.ActiveCfg = Release|Any CPU
		{E1557014-BB6D-41BC-92F6-877002282CA1}.CD_ROM|Any CPU.Build.0 = Release|Any CPU
		{E1557014-BB6D-41BC-92F6-877002282CA1}.CD_ROM|x86.ActiveCfg = Debug|Any CPU
		{E1557014-BB6D-41BC-92F6-877002282CA1}.CD_ROM|x86.Build.0 = Debug|Any CPU
		{E1557014-BB6D-41BC-92F6-877002282CA1}.Debug|Any CPU.ActiveCfg = Debug|Any CPU
		{E1557014-BB6D-41BC-92F6-877002282CA1}.Debug|Any CPU.Build.0 = Debug|Any CPU
		{E1557014-BB6D-41BC-92F6-877002282CA1}.Debug|x86.ActiveCfg = Debug|Any CPU
		{E1557014-BB6D-41BC-92F6-877002282CA1}.Debug|x86.Build.0 = Debug|Any CPU
		{E1557014-BB6D-41BC-92F6-877002282CA1}.DVD-5|Any CPU.ActiveCfg = Debug|Any CPU
		{E1557014-BB6D-41BC-92F6-877002282CA1}.DVD-5|Any CPU.Build.0 = Debug|Any CPU
		{E1557014-BB6D-41BC-92F6-877002282CA1}.DVD-5|x86.ActiveCfg = Debug|Any CPU
		{E1557014-BB6D-41BC-92F6-877002282CA1}.DVD-5|x86.Build.0 = Debug|Any CPU
		{E1557014-BB6D-41BC-92F6-877002282CA1}.Release|Any CPU.ActiveCfg = Release|Any CPU
		{E1557014-BB6D-41BC-92F6-877002282CA1}.Release|Any CPU.Build.0 = Release|Any CPU
		{E1557014-BB6D-41BC-92F6-877002282CA1}.Release|x86.ActiveCfg = Release|Any CPU
		{E1557014-BB6D-41BC-92F6-877002282CA1}.Release|x86.Build.0 = Release|Any CPU
		{E1557014-BB6D-41BC-92F6-877002282CA1}.SingleImage|Any CPU.ActiveCfg = Release|Any CPU
		{E1557014-BB6D-41BC-92F6-877002282CA1}.SingleImage|Any CPU.Build.0 = Release|Any CPU
		{E1557014-BB6D-41BC-92F6-877002282CA1}.SingleImage|x86.ActiveCfg = Debug|Any CPU
		{E1557014-BB6D-41BC-92F6-877002282CA1}.SingleImage|x86.Build.0 = Debug|Any CPU
		{DB1A47E6-2AF2-457E-ACEE-B0B388128E9E}.CD_ROM|Any CPU.ActiveCfg = Release|Any CPU
		{DB1A47E6-2AF2-457E-ACEE-B0B388128E9E}.CD_ROM|Any CPU.Build.0 = Release|Any CPU
		{DB1A47E6-2AF2-457E-ACEE-B0B388128E9E}.CD_ROM|x86.ActiveCfg = Debug|Any CPU
		{DB1A47E6-2AF2-457E-ACEE-B0B388128E9E}.CD_ROM|x86.Build.0 = Debug|Any CPU
		{DB1A47E6-2AF2-457E-ACEE-B0B388128E9E}.Debug|Any CPU.ActiveCfg = Debug|Any CPU
		{DB1A47E6-2AF2-457E-ACEE-B0B388128E9E}.Debug|Any CPU.Build.0 = Debug|Any CPU
		{DB1A47E6-2AF2-457E-ACEE-B0B388128E9E}.Debug|x86.ActiveCfg = Debug|Any CPU
		{DB1A47E6-2AF2-457E-ACEE-B0B388128E9E}.Debug|x86.Build.0 = Debug|Any CPU
		{DB1A47E6-2AF2-457E-ACEE-B0B388128E9E}.DVD-5|Any CPU.ActiveCfg = Debug|Any CPU
		{DB1A47E6-2AF2-457E-ACEE-B0B388128E9E}.DVD-5|Any CPU.Build.0 = Debug|Any CPU
		{DB1A47E6-2AF2-457E-ACEE-B0B388128E9E}.DVD-5|x86.ActiveCfg = Debug|Any CPU
		{DB1A47E6-2AF2-457E-ACEE-B0B388128E9E}.DVD-5|x86.Build.0 = Debug|Any CPU
		{DB1A47E6-2AF2-457E-ACEE-B0B388128E9E}.Release|Any CPU.ActiveCfg = Release|Any CPU
		{DB1A47E6-2AF2-457E-ACEE-B0B388128E9E}.Release|Any CPU.Build.0 = Release|Any CPU
		{DB1A47E6-2AF2-457E-ACEE-B0B388128E9E}.Release|x86.ActiveCfg = Release|Any CPU
		{DB1A47E6-2AF2-457E-ACEE-B0B388128E9E}.Release|x86.Build.0 = Release|Any CPU
		{DB1A47E6-2AF2-457E-ACEE-B0B388128E9E}.SingleImage|Any CPU.ActiveCfg = Release|Any CPU
		{DB1A47E6-2AF2-457E-ACEE-B0B388128E9E}.SingleImage|Any CPU.Build.0 = Release|Any CPU
		{DB1A47E6-2AF2-457E-ACEE-B0B388128E9E}.SingleImage|x86.ActiveCfg = Debug|Any CPU
		{DB1A47E6-2AF2-457E-ACEE-B0B388128E9E}.SingleImage|x86.Build.0 = Debug|Any CPU
		{BEBD6B67-2523-46D4-B4A8-3994037E333A}.CD_ROM|Any CPU.ActiveCfg = Debug|Any CPU
		{BEBD6B67-2523-46D4-B4A8-3994037E333A}.CD_ROM|Any CPU.Build.0 = Debug|Any CPU
		{BEBD6B67-2523-46D4-B4A8-3994037E333A}.CD_ROM|x86.ActiveCfg = Release|Any CPU
		{BEBD6B67-2523-46D4-B4A8-3994037E333A}.CD_ROM|x86.Build.0 = Release|Any CPU
		{BEBD6B67-2523-46D4-B4A8-3994037E333A}.Debug|Any CPU.ActiveCfg = Debug|Any CPU
		{BEBD6B67-2523-46D4-B4A8-3994037E333A}.Debug|Any CPU.Build.0 = Debug|Any CPU
		{BEBD6B67-2523-46D4-B4A8-3994037E333A}.Debug|x86.ActiveCfg = Debug|Any CPU
		{BEBD6B67-2523-46D4-B4A8-3994037E333A}.Debug|x86.Build.0 = Debug|Any CPU
		{BEBD6B67-2523-46D4-B4A8-3994037E333A}.DVD-5|Any CPU.ActiveCfg = Debug|Any CPU
		{BEBD6B67-2523-46D4-B4A8-3994037E333A}.DVD-5|Any CPU.Build.0 = Debug|Any CPU
		{BEBD6B67-2523-46D4-B4A8-3994037E333A}.DVD-5|x86.ActiveCfg = Debug|Any CPU
		{BEBD6B67-2523-46D4-B4A8-3994037E333A}.DVD-5|x86.Build.0 = Debug|Any CPU
		{BEBD6B67-2523-46D4-B4A8-3994037E333A}.Release|Any CPU.ActiveCfg = Release|Any CPU
		{BEBD6B67-2523-46D4-B4A8-3994037E333A}.Release|Any CPU.Build.0 = Release|Any CPU
		{BEBD6B67-2523-46D4-B4A8-3994037E333A}.Release|x86.ActiveCfg = Release|Any CPU
		{BEBD6B67-2523-46D4-B4A8-3994037E333A}.Release|x86.Build.0 = Release|Any CPU
		{BEBD6B67-2523-46D4-B4A8-3994037E333A}.SingleImage|Any CPU.ActiveCfg = Debug|Any CPU
		{BEBD6B67-2523-46D4-B4A8-3994037E333A}.SingleImage|Any CPU.Build.0 = Debug|Any CPU
		{BEBD6B67-2523-46D4-B4A8-3994037E333A}.SingleImage|x86.ActiveCfg = Release|Any CPU
		{BEBD6B67-2523-46D4-B4A8-3994037E333A}.SingleImage|x86.Build.0 = Release|Any CPU
		{F4104095-E0BF-4E6D-9536-922F36269FCD}.CD_ROM|Any CPU.ActiveCfg = Debug|x86
		{F4104095-E0BF-4E6D-9536-922F36269FCD}.CD_ROM|Any CPU.Build.0 = Debug|x86
		{F4104095-E0BF-4E6D-9536-922F36269FCD}.CD_ROM|x86.ActiveCfg = Debug|x86
		{F4104095-E0BF-4E6D-9536-922F36269FCD}.CD_ROM|x86.Build.0 = Debug|x86
		{F4104095-E0BF-4E6D-9536-922F36269FCD}.Debug|Any CPU.ActiveCfg = Debug|x86
		{F4104095-E0BF-4E6D-9536-922F36269FCD}.Debug|x86.ActiveCfg = Debug|x86
		{F4104095-E0BF-4E6D-9536-922F36269FCD}.Debug|x86.Build.0 = Debug|x86
		{F4104095-E0BF-4E6D-9536-922F36269FCD}.DVD-5|Any CPU.ActiveCfg = Debug|x86
		{F4104095-E0BF-4E6D-9536-922F36269FCD}.DVD-5|Any CPU.Build.0 = Debug|x86
		{F4104095-E0BF-4E6D-9536-922F36269FCD}.DVD-5|x86.ActiveCfg = Debug|x86
		{F4104095-E0BF-4E6D-9536-922F36269FCD}.DVD-5|x86.Build.0 = Debug|x86
		{F4104095-E0BF-4E6D-9536-922F36269FCD}.Release|Any CPU.ActiveCfg = Release|x86
		{F4104095-E0BF-4E6D-9536-922F36269FCD}.Release|x86.ActiveCfg = Release|x86
		{F4104095-E0BF-4E6D-9536-922F36269FCD}.Release|x86.Build.0 = Release|x86
		{F4104095-E0BF-4E6D-9536-922F36269FCD}.SingleImage|Any CPU.ActiveCfg = Debug|x86
		{F4104095-E0BF-4E6D-9536-922F36269FCD}.SingleImage|Any CPU.Build.0 = Debug|x86
		{F4104095-E0BF-4E6D-9536-922F36269FCD}.SingleImage|x86.ActiveCfg = Debug|x86
		{F4104095-E0BF-4E6D-9536-922F36269FCD}.SingleImage|x86.Build.0 = Debug|x86
		{13B35551-F62B-4896-A934-09D9C6602EC9}.CD_ROM|Any CPU.ActiveCfg = Debug
		{13B35551-F62B-4896-A934-09D9C6602EC9}.CD_ROM|x86.ActiveCfg = Debug
		{13B35551-F62B-4896-A934-09D9C6602EC9}.Debug|Any CPU.ActiveCfg = Debug
		{13B35551-F62B-4896-A934-09D9C6602EC9}.Debug|x86.ActiveCfg = Debug
		{13B35551-F62B-4896-A934-09D9C6602EC9}.DVD-5|Any CPU.ActiveCfg = Debug
		{13B35551-F62B-4896-A934-09D9C6602EC9}.DVD-5|x86.ActiveCfg = Debug
		{13B35551-F62B-4896-A934-09D9C6602EC9}.Release|Any CPU.ActiveCfg = Release
		{13B35551-F62B-4896-A934-09D9C6602EC9}.Release|x86.ActiveCfg = Release
		{13B35551-F62B-4896-A934-09D9C6602EC9}.SingleImage|Any CPU.ActiveCfg = Debug
		{13B35551-F62B-4896-A934-09D9C6602EC9}.SingleImage|x86.ActiveCfg = Debug
		{866BCB6E-24FC-4F76-A498-FA090B959A1F}.CD_ROM|Any CPU.ActiveCfg = Release|x86
		{866BCB6E-24FC-4F76-A498-FA090B959A1F}.CD_ROM|Any CPU.Build.0 = Release|x86
		{866BCB6E-24FC-4F76-A498-FA090B959A1F}.CD_ROM|x86.ActiveCfg = Release|x86
		{866BCB6E-24FC-4F76-A498-FA090B959A1F}.CD_ROM|x86.Build.0 = Release|x86
		{866BCB6E-24FC-4F76-A498-FA090B959A1F}.Debug|Any CPU.ActiveCfg = Debug|x86
		{866BCB6E-24FC-4F76-A498-FA090B959A1F}.Debug|x86.ActiveCfg = Debug|x86
		{866BCB6E-24FC-4F76-A498-FA090B959A1F}.Debug|x86.Build.0 = Debug|x86
		{866BCB6E-24FC-4F76-A498-FA090B959A1F}.DVD-5|Any CPU.ActiveCfg = Release|x86
		{866BCB6E-24FC-4F76-A498-FA090B959A1F}.DVD-5|Any CPU.Build.0 = Release|x86
		{866BCB6E-24FC-4F76-A498-FA090B959A1F}.DVD-5|x86.ActiveCfg = Debug|x86
		{866BCB6E-24FC-4F76-A498-FA090B959A1F}.DVD-5|x86.Build.0 = Debug|x86
		{866BCB6E-24FC-4F76-A498-FA090B959A1F}.Release|Any CPU.ActiveCfg = Release|x86
		{866BCB6E-24FC-4F76-A498-FA090B959A1F}.Release|x86.ActiveCfg = Release|x86
		{866BCB6E-24FC-4F76-A498-FA090B959A1F}.Release|x86.Build.0 = Release|x86
		{866BCB6E-24FC-4F76-A498-FA090B959A1F}.SingleImage|Any CPU.ActiveCfg = Release|x86
		{866BCB6E-24FC-4F76-A498-FA090B959A1F}.SingleImage|Any CPU.Build.0 = Release|x86
		{866BCB6E-24FC-4F76-A498-FA090B959A1F}.SingleImage|x86.ActiveCfg = Release|x86
		{866BCB6E-24FC-4F76-A498-FA090B959A1F}.SingleImage|x86.Build.0 = Release|x86
	EndGlobalSection
	GlobalSection(SolutionProperties) = preSolution
		HideSolutionNode = FALSE
	EndGlobalSection
	GlobalSection(ExtensibilityGlobals) = postSolution
		SolutionGuid = {1A48DA54-9C5B-4DFD-81DD-5DC9D3A07124}
	EndGlobalSection
EndGlobal
